
Microsoft Visual Studio Solution File, Format Version 12.00
# Visual Studio Version 17
VisualStudioVersion = 17.3.32901.215
MinimumVisualStudioVersion = 10.0.40219.1
Project("{9A19103F-16F7-4668-BE54-9A1E7A4F7556}") = "Sedulous.Shims.NETCore", "Sedulous.Shims.NETCore\Sedulous.Shims.NETCore.csproj", "{6DE9B8AD-3CBD-499B-9A17-5DB198B7E6B1}"
EndProject
Project("{D954291E-2A0B-460D-934E-DC6B0785DB48}") = "UvDebug", "UvDebug\Shared\UvDebug.shproj", "{41B16059-BFE0-4704-8EEE-44339B3834C5}"
EndProject
Project("{9A19103F-16F7-4668-BE54-9A1E7A4F7556}") = "UvDebug.NETCore", "UvDebug\NETCore\UvDebug.NETCore.csproj", "{0A52123E-EFA1-4A86-8223-FB7B807C162A}"
EndProject
Project("{D954291E-2A0B-460D-934E-DC6B0785DB48}") = "Sedulous.Tests.Content", "Sedulous.Tests.Content\Sedulous.Tests.Content.shproj", "{0E2B1BC3-D1C3-4626-8AA3-37BF3039E43F}"
EndProject
Project("{9A19103F-16F7-4668-BE54-9A1E7A4F7556}") = "UvNativeCodeGen", "UvNativeCodeGen\UvNativeCodeGen.csproj", "{9478C868-C8DC-4693-8B87-E222DE17CEEE}"
EndProject
Project("{9A19103F-16F7-4668-BE54-9A1E7A4F7556}") = "UvFont", "UvFont\UvFont.csproj", "{E6F0C39B-3120-4FB4-BCE8-C373236F339E}"
EndProject
Project("{9A19103F-16F7-4668-BE54-9A1E7A4F7556}") = "UvAssetList", "UvAssetList\UvAssetList.csproj", "{11CDF456-A734-4DF6-9C01-953DF2765DA0}"
EndProject
Project("{9A19103F-16F7-4668-BE54-9A1E7A4F7556}") = "UvArchive", "UvArchive\UvArchive.csproj", "{7339C3A3-C1F4-434E-9F2B-D7477706D397}"
EndProject
Project("{9A19103F-16F7-4668-BE54-9A1E7A4F7556}") = "Sedulous.Tooling", "Sedulous.Tooling\Sedulous.Tooling.csproj", "{E4E1C0A0-FB91-4BBE-B35C-21D13411A866}"
EndProject
Project("{9A19103F-16F7-4668-BE54-9A1E7A4F7556}") = "Sedulous.Windows.Forms", "Sedulous.Windows.Forms\Sedulous.Windows.Forms.csproj", "{2334A133-A37C-448A-912D-3DC38CB1BF91}"
EndProject
Project("{9A19103F-16F7-4668-BE54-9A1E7A4F7556}") = "Sedulous.Tests", "Sedulous.Tests\Sedulous.Tests.csproj", "{20815AAC-D576-42C7-A9A3-9C8D6548690D}"
EndProject
Project("{9A19103F-16F7-4668-BE54-9A1E7A4F7556}") = "Sedulous.TestFramework", "Sedulous.TestFramework\Sedulous.TestFramework.csproj", "{619C6476-BBA7-4817-839B-18092490429E}"
EndProject
Project("{9A19103F-16F7-4668-BE54-9A1E7A4F7556}") = "Sedulous.TestApplication", "Sedulous.TestApplication\Sedulous.TestApplication.csproj", "{6306767C-23C4-49B4-87BF-D31F917CB358}"
EndProject
Project("{9A19103F-16F7-4668-BE54-9A1E7A4F7556}") = "Sedulous.Presentation.Uvss.Tests", "Sedulous.Presentation.Uvss.Tests\Sedulous.Presentation.Uvss.Tests.csproj", "{E5C4B5A3-BE45-49C3-968C-C37FBAB5530E}"
EndProject
Project("{9A19103F-16F7-4668-BE54-9A1E7A4F7556}") = "Sedulous.Presentation.Uvss.TestFramework", "Sedulous.Presentation.Uvss.TestFramework\Sedulous.Presentation.Uvss.TestFramework.csproj", "{F4151D58-18D3-4ECF-9ABE-53A1222D20D9}"
EndProject
Project("{9A19103F-16F7-4668-BE54-9A1E7A4F7556}") = "Sedulous.Presentation.Uvss", "Sedulous.Presentation.Uvss\Sedulous.Presentation.Uvss.csproj", "{5327FA1B-0FD6-4415-A9AF-C5F52A51BD07}"
EndProject
Project("{9A19103F-16F7-4668-BE54-9A1E7A4F7556}") = "Sedulous.Presentation.Tests.ViewModels", "Sedulous.Presentation.Tests.ViewModels\Sedulous.Presentation.Tests.ViewModels.csproj", "{5F6D4696-AAC8-47CC-8B92-FC8417A2B35C}"
EndProject
Project("{9A19103F-16F7-4668-BE54-9A1E7A4F7556}") = "Sedulous.Presentation.Tests", "Sedulous.Presentation.Tests\Sedulous.Presentation.Tests.csproj", "{55FAB4AA-5D3D-44DF-B9F9-773102AB74F6}"
EndProject
Project("{9A19103F-16F7-4668-BE54-9A1E7A4F7556}") = "Sedulous.Presentation.Compiler", "Sedulous.Presentation.Compiler\Sedulous.Presentation.Compiler.csproj", "{A012BFF4-C3B3-4E13-B3F0-9367BAF1F9D0}"
EndProject
Project("{9A19103F-16F7-4668-BE54-9A1E7A4F7556}") = "Sedulous.SDL2", "Sedulous.SDL2\Sedulous.SDL2.csproj", "{38681AF5-9DD4-4A9A-AA74-42A5797F8FA7}"
EndProject
Project("{9A19103F-16F7-4668-BE54-9A1E7A4F7556}") = "Sedulous.Presentation", "Sedulous.Presentation\Sedulous.Presentation.csproj", "{21E8873C-0B98-47DA-9079-BF004B914897}"
EndProject
Project("{9A19103F-16F7-4668-BE54-9A1E7A4F7556}") = "Sedulous.OpenGL", "Sedulous.OpenGL\Sedulous.OpenGL.csproj", "{8741BAAE-D281-4ACA-9C8C-5198FFA0FBE1}"
EndProject
Project("{9A19103F-16F7-4668-BE54-9A1E7A4F7556}") = "Sedulous.OpenGL.Bindings", "Sedulous.OpenGL.Bindings\Sedulous.OpenGL.Bindings.csproj", "{49666B6A-5A62-4F16-8B2D-E3B3FCBE20FF}"
EndProject
Project("{9A19103F-16F7-4668-BE54-9A1E7A4F7556}") = "Sedulous.OpenGL.Environment", "Sedulous.OpenGL.Environment\Sedulous.OpenGL.Environment.csproj", "{A1D2E51A-BDF8-4AEB-9E4F-708D47FDD5F0}"
EndProject
Project("{9A19103F-16F7-4668-BE54-9A1E7A4F7556}") = "Sedulous.ImGuiViewProvider", "Sedulous.ImGuiViewProvider\Sedulous.ImGuiViewProvider.csproj", "{95A02BBE-01A1-4148-BE7A-84BB087FC068}"
EndProject
Project("{9A19103F-16F7-4668-BE54-9A1E7A4F7556}") = "Sedulous.ImGuiViewProvider.Bindings", "Sedulous.ImGuiViewProvider.Bindings\Sedulous.ImGuiViewProvider.Bindings.csproj", "{E0DE5173-4548-425A-8E3A-A07E7BA2CF03}"
EndProject
Project("{9A19103F-16F7-4668-BE54-9A1E7A4F7556}") = "Sedulous.FreeType2", "Sedulous.FreeType2\Sedulous.FreeType2.csproj", "{59E353FF-5C72-4DE1-A8AF-0D4F9C5E16AC}"
EndProject
Project("{9A19103F-16F7-4668-BE54-9A1E7A4F7556}") = "Sedulous.FMOD", "Sedulous.FMOD\Sedulous.FMOD.csproj", "{63F9F38A-A9E4-43FE-A690-20D5790FAEE4}"
EndProject
Project("{9A19103F-16F7-4668-BE54-9A1E7A4F7556}") = "Sedulous.BASS", "Sedulous.BASS\Sedulous.BASS.csproj", "{F46F1D61-7871-4345-8101-8C43C937FF1E}"
EndProject
Project("{9A19103F-16F7-4668-BE54-9A1E7A4F7556}") = "Sedulous.Core.TestFramework", "Sedulous.Core.TestFramework\Sedulous.Core.TestFramework.csproj", "{501F65DD-8546-4D7B-91FE-0FF28E990F1B}"
EndProject
Project("{9A19103F-16F7-4668-BE54-9A1E7A4F7556}") = "Sedulous.Core.Tests", "Sedulous.Core.Tests\Sedulous.Core.Tests.csproj", "{9AF57246-1326-4AFA-AD1D-6E48DB12F627}"
EndProject
Project("{9A19103F-16F7-4668-BE54-9A1E7A4F7556}") = "Sedulous.Core", "Sedulous.Core\Sedulous.Core.csproj", "{11C6D60C-0046-4BEA-B653-775C276D7AFB}"
EndProject
Project("{9A19103F-16F7-4668-BE54-9A1E7A4F7556}") = "Sedulous", "Sedulous\Sedulous.csproj", "{A41B1363-A06A-4E00-9306-BE3D1B0D4069}"
EndProject
Project("{9A19103F-16F7-4668-BE54-9A1E7A4F7556}") = "UvDebug.Android", "UvDebug\Android\UvDebug.Android.csproj", "{44CF8AC0-4F5A-47CC-8F87-60FDDF4BC0EE}"
EndProject
Project("{9A19103F-16F7-4668-BE54-9A1E7A4F7556}") = "Sedulous.Shims.Android", "Sedulous.Shims.Android\Sedulous.Shims.Android.csproj", "{8182BE80-9E21-468B-828E-AFF48E52D323}"
EndProject
Project("{9A19103F-16F7-4668-BE54-9A1E7A4F7556}") = "Sedulous.Shims.Android.FMOD", "Sedulous.Shims.Android.FMOD\Sedulous.Shims.Android.FMOD.csproj", "{BD3AE378-9B9F-4875-9A83-DC126C446AF6}"
EndProject
Project("{9A19103F-16F7-4668-BE54-9A1E7A4F7556}") = "Sandbox3D", "Sandbox\Sandbox3D\Sandbox3D.csproj", "{7F65D4E5-3E99-446E-AA63-4C900F78CD81}"
EndProject
Project("{9A19103F-16F7-4668-BE54-9A1E7A4F7556}") = "Sandbox2D", "Sandbox\Sandbox2D\Sandbox2D.csproj", "{785CCC9D-19BF-4C49-A1F3-AE8DE7CBE8BB}"
EndProject
Project("{2150E333-8FDC-42A3-9474-1A3956D46DE8}") = "Sandbox", "Sandbox", "{D40581D7-2A4A-4E88-8249-BC847F66C200}"
EndProject
Project("{2150E333-8FDC-42A3-9474-1A3956D46DE8}") = "Debug", "Debug", "{CCC79F61-353C-4F59-8584-EF1E98AE7EED}"
EndProject
Project("{2150E333-8FDC-42A3-9474-1A3956D46DE8}") = "Tooling", "Tooling", "{25608140-95B6-4250-B498-DEC6AE85C6BB}"
EndProject
Project("{2150E333-8FDC-42A3-9474-1A3956D46DE8}") = "Framework", "Framework", "{E8F7D78E-B04F-4956-BF2F-67A3CFF2A864}"
EndProject
Project("{2150E333-8FDC-42A3-9474-1A3956D46DE8}") = "Testing", "Testing", "{F0CC3585-9AB5-482D-8239-5E42C2314BCD}"
EndProject
Project("{2150E333-8FDC-42A3-9474-1A3956D46DE8}") = "Bindings", "Bindings", "{7762E4ED-A63F-42F2-94F6-14D556EB8E6F}"
EndProject
Project("{9A19103F-16F7-4668-BE54-9A1E7A4F7556}") = "Sandbox3D", "Sandbox3D\Sandbox3D.csproj", "{A69466C6-8C5A-4A48-A9B9-C32DA09DCC22}"
EndProject
Project("{9A19103F-16F7-4668-BE54-9A1E7A4F7556}") = "Sedulous.Presentation.SourceGenerator", "Sedulous.Presentation.SourceGenerator\Sedulous.Presentation.SourceGenerator.csproj", "{4CF368F9-F99A-44DD-B89A-84D848C30881}"
EndProject
Project("{2150E333-8FDC-42A3-9474-1A3956D46DE8}") = "Solution Items", "Solution Items", "{6C0DD74B-374B-4B9D-8503-0AEF870C8824}"
	ProjectSection(SolutionItems) = preProject
		Directory.Build.props = Directory.Build.props
		Directory.Build.targets = Directory.Build.targets
		NuGet.config = NuGet.config
	EndProjectSection
EndProject
Project("{FAE04EC0-301F-11D3-BF4B-00C04F79EFBC}") = "Sedulous.Image", "Sedulous.Image\Sedulous.Image.csproj", "{960520E1-E1DC-4D99-B174-047324F460AC}"
EndProject
Global
	GlobalSection(SolutionConfigurationPlatforms) = preSolution
		Debug|Any CPU = Debug|Any CPU
		Release|Any CPU = Release|Any CPU
	EndGlobalSection
	GlobalSection(ProjectConfigurationPlatforms) = postSolution
		{6DE9B8AD-3CBD-499B-9A17-5DB198B7E6B1}.Debug|Any CPU.ActiveCfg = Debug|Any CPU
		{6DE9B8AD-3CBD-499B-9A17-5DB198B7E6B1}.Debug|Any CPU.Build.0 = Debug|Any CPU
		{6DE9B8AD-3CBD-499B-9A17-5DB198B7E6B1}.Release|Any CPU.ActiveCfg = Release|Any CPU
		{6DE9B8AD-3CBD-499B-9A17-5DB198B7E6B1}.Release|Any CPU.Build.0 = Release|Any CPU
		{0A52123E-EFA1-4A86-8223-FB7B807C162A}.Debug|Any CPU.ActiveCfg = Debug|Any CPU
		{0A52123E-EFA1-4A86-8223-FB7B807C162A}.Debug|Any CPU.Build.0 = Debug|Any CPU
		{0A52123E-EFA1-4A86-8223-FB7B807C162A}.Release|Any CPU.ActiveCfg = Release|Any CPU
		{0A52123E-EFA1-4A86-8223-FB7B807C162A}.Release|Any CPU.Build.0 = Release|Any CPU
		{9478C868-C8DC-4693-8B87-E222DE17CEEE}.Debug|Any CPU.ActiveCfg = Debug|Any CPU
		{9478C868-C8DC-4693-8B87-E222DE17CEEE}.Debug|Any CPU.Build.0 = Debug|Any CPU
		{9478C868-C8DC-4693-8B87-E222DE17CEEE}.Release|Any CPU.ActiveCfg = Release|Any CPU
		{9478C868-C8DC-4693-8B87-E222DE17CEEE}.Release|Any CPU.Build.0 = Release|Any CPU
		{E6F0C39B-3120-4FB4-BCE8-C373236F339E}.Debug|Any CPU.ActiveCfg = Debug|Any CPU
		{E6F0C39B-3120-4FB4-BCE8-C373236F339E}.Debug|Any CPU.Build.0 = Debug|Any CPU
		{E6F0C39B-3120-4FB4-BCE8-C373236F339E}.Release|Any CPU.ActiveCfg = Release|Any CPU
		{E6F0C39B-3120-4FB4-BCE8-C373236F339E}.Release|Any CPU.Build.0 = Release|Any CPU
		{11CDF456-A734-4DF6-9C01-953DF2765DA0}.Debug|Any CPU.ActiveCfg = Debug|Any CPU
		{11CDF456-A734-4DF6-9C01-953DF2765DA0}.Debug|Any CPU.Build.0 = Debug|Any CPU
		{11CDF456-A734-4DF6-9C01-953DF2765DA0}.Release|Any CPU.ActiveCfg = Release|Any CPU
		{11CDF456-A734-4DF6-9C01-953DF2765DA0}.Release|Any CPU.Build.0 = Release|Any CPU
		{7339C3A3-C1F4-434E-9F2B-D7477706D397}.Debug|Any CPU.ActiveCfg = Debug|Any CPU
		{7339C3A3-C1F4-434E-9F2B-D7477706D397}.Debug|Any CPU.Build.0 = Debug|Any CPU
		{7339C3A3-C1F4-434E-9F2B-D7477706D397}.Release|Any CPU.ActiveCfg = Release|Any CPU
		{7339C3A3-C1F4-434E-9F2B-D7477706D397}.Release|Any CPU.Build.0 = Release|Any CPU
		{E4E1C0A0-FB91-4BBE-B35C-21D13411A866}.Debug|Any CPU.ActiveCfg = Debug|Any CPU
		{E4E1C0A0-FB91-4BBE-B35C-21D13411A866}.Debug|Any CPU.Build.0 = Debug|Any CPU
		{E4E1C0A0-FB91-4BBE-B35C-21D13411A866}.Release|Any CPU.ActiveCfg = Release|Any CPU
		{E4E1C0A0-FB91-4BBE-B35C-21D13411A866}.Release|Any CPU.Build.0 = Release|Any CPU
		{2334A133-A37C-448A-912D-3DC38CB1BF91}.Debug|Any CPU.ActiveCfg = Debug|Any CPU
		{2334A133-A37C-448A-912D-3DC38CB1BF91}.Debug|Any CPU.Build.0 = Debug|Any CPU
		{2334A133-A37C-448A-912D-3DC38CB1BF91}.Release|Any CPU.ActiveCfg = Release|Any CPU
		{2334A133-A37C-448A-912D-3DC38CB1BF91}.Release|Any CPU.Build.0 = Release|Any CPU
		{20815AAC-D576-42C7-A9A3-9C8D6548690D}.Debug|Any CPU.ActiveCfg = Debug|Any CPU
		{20815AAC-D576-42C7-A9A3-9C8D6548690D}.Debug|Any CPU.Build.0 = Debug|Any CPU
		{20815AAC-D576-42C7-A9A3-9C8D6548690D}.Release|Any CPU.ActiveCfg = Release|Any CPU
		{20815AAC-D576-42C7-A9A3-9C8D6548690D}.Release|Any CPU.Build.0 = Release|Any CPU
		{619C6476-BBA7-4817-839B-18092490429E}.Debug|Any CPU.ActiveCfg = Debug|Any CPU
		{619C6476-BBA7-4817-839B-18092490429E}.Debug|Any CPU.Build.0 = Debug|Any CPU
		{619C6476-BBA7-4817-839B-18092490429E}.Release|Any CPU.ActiveCfg = Release|Any CPU
		{619C6476-BBA7-4817-839B-18092490429E}.Release|Any CPU.Build.0 = Release|Any CPU
		{6306767C-23C4-49B4-87BF-D31F917CB358}.Debug|Any CPU.ActiveCfg = Debug|Any CPU
		{6306767C-23C4-49B4-87BF-D31F917CB358}.Debug|Any CPU.Build.0 = Debug|Any CPU
		{6306767C-23C4-49B4-87BF-D31F917CB358}.Release|Any CPU.ActiveCfg = Release|Any CPU
		{6306767C-23C4-49B4-87BF-D31F917CB358}.Release|Any CPU.Build.0 = Release|Any CPU
		{E5C4B5A3-BE45-49C3-968C-C37FBAB5530E}.Debug|Any CPU.ActiveCfg = Debug|Any CPU
		{E5C4B5A3-BE45-49C3-968C-C37FBAB5530E}.Debug|Any CPU.Build.0 = Debug|Any CPU
		{E5C4B5A3-BE45-49C3-968C-C37FBAB5530E}.Release|Any CPU.ActiveCfg = Release|Any CPU
		{E5C4B5A3-BE45-49C3-968C-C37FBAB5530E}.Release|Any CPU.Build.0 = Release|Any CPU
		{F4151D58-18D3-4ECF-9ABE-53A1222D20D9}.Debug|Any CPU.ActiveCfg = Debug|Any CPU
		{F4151D58-18D3-4ECF-9ABE-53A1222D20D9}.Debug|Any CPU.Build.0 = Debug|Any CPU
		{F4151D58-18D3-4ECF-9ABE-53A1222D20D9}.Release|Any CPU.ActiveCfg = Release|Any CPU
		{F4151D58-18D3-4ECF-9ABE-53A1222D20D9}.Release|Any CPU.Build.0 = Release|Any CPU
		{5327FA1B-0FD6-4415-A9AF-C5F52A51BD07}.Debug|Any CPU.ActiveCfg = Debug|Any CPU
		{5327FA1B-0FD6-4415-A9AF-C5F52A51BD07}.Debug|Any CPU.Build.0 = Debug|Any CPU
		{5327FA1B-0FD6-4415-A9AF-C5F52A51BD07}.Release|Any CPU.ActiveCfg = Release|Any CPU
		{5327FA1B-0FD6-4415-A9AF-C5F52A51BD07}.Release|Any CPU.Build.0 = Release|Any CPU
		{5F6D4696-AAC8-47CC-8B92-FC8417A2B35C}.Debug|Any CPU.ActiveCfg = Debug|Any CPU
		{5F6D4696-AAC8-47CC-8B92-FC8417A2B35C}.Debug|Any CPU.Build.0 = Debug|Any CPU
		{5F6D4696-AAC8-47CC-8B92-FC8417A2B35C}.Release|Any CPU.ActiveCfg = Release|Any CPU
		{5F6D4696-AAC8-47CC-8B92-FC8417A2B35C}.Release|Any CPU.Build.0 = Release|Any CPU
		{55FAB4AA-5D3D-44DF-B9F9-773102AB74F6}.Debug|Any CPU.ActiveCfg = Debug|Any CPU
		{55FAB4AA-5D3D-44DF-B9F9-773102AB74F6}.Debug|Any CPU.Build.0 = Debug|Any CPU
		{55FAB4AA-5D3D-44DF-B9F9-773102AB74F6}.Release|Any CPU.ActiveCfg = Release|Any CPU
		{55FAB4AA-5D3D-44DF-B9F9-773102AB74F6}.Release|Any CPU.Build.0 = Release|Any CPU
		{A012BFF4-C3B3-4E13-B3F0-9367BAF1F9D0}.Debug|Any CPU.ActiveCfg = Debug|Any CPU
		{A012BFF4-C3B3-4E13-B3F0-9367BAF1F9D0}.Debug|Any CPU.Build.0 = Debug|Any CPU
		{A012BFF4-C3B3-4E13-B3F0-9367BAF1F9D0}.Release|Any CPU.ActiveCfg = Release|Any CPU
		{A012BFF4-C3B3-4E13-B3F0-9367BAF1F9D0}.Release|Any CPU.Build.0 = Release|Any CPU
		{38681AF5-9DD4-4A9A-AA74-42A5797F8FA7}.Debug|Any CPU.ActiveCfg = Debug|Any CPU
		{38681AF5-9DD4-4A9A-AA74-42A5797F8FA7}.Debug|Any CPU.Build.0 = Debug|Any CPU
		{38681AF5-9DD4-4A9A-AA74-42A5797F8FA7}.Release|Any CPU.ActiveCfg = Release|Any CPU
		{38681AF5-9DD4-4A9A-AA74-42A5797F8FA7}.Release|Any CPU.Build.0 = Release|Any CPU
		{21E8873C-0B98-47DA-9079-BF004B914897}.Debug|Any CPU.ActiveCfg = Debug|Any CPU
		{21E8873C-0B98-47DA-9079-BF004B914897}.Debug|Any CPU.Build.0 = Debug|Any CPU
		{21E8873C-0B98-47DA-9079-BF004B914897}.Release|Any CPU.ActiveCfg = Release|Any CPU
		{21E8873C-0B98-47DA-9079-BF004B914897}.Release|Any CPU.Build.0 = Release|Any CPU
		{8741BAAE-D281-4ACA-9C8C-5198FFA0FBE1}.Debug|Any CPU.ActiveCfg = Debug|Any CPU
		{8741BAAE-D281-4ACA-9C8C-5198FFA0FBE1}.Debug|Any CPU.Build.0 = Debug|Any CPU
		{8741BAAE-D281-4ACA-9C8C-5198FFA0FBE1}.Release|Any CPU.ActiveCfg = Release|Any CPU
		{8741BAAE-D281-4ACA-9C8C-5198FFA0FBE1}.Release|Any CPU.Build.0 = Release|Any CPU
		{49666B6A-5A62-4F16-8B2D-E3B3FCBE20FF}.Debug|Any CPU.ActiveCfg = Debug|Any CPU
		{49666B6A-5A62-4F16-8B2D-E3B3FCBE20FF}.Debug|Any CPU.Build.0 = Debug|Any CPU
		{49666B6A-5A62-4F16-8B2D-E3B3FCBE20FF}.Release|Any CPU.ActiveCfg = Release|Any CPU
		{49666B6A-5A62-4F16-8B2D-E3B3FCBE20FF}.Release|Any CPU.Build.0 = Release|Any CPU
		{A1D2E51A-BDF8-4AEB-9E4F-708D47FDD5F0}.Debug|Any CPU.ActiveCfg = Debug|Any CPU
		{A1D2E51A-BDF8-4AEB-9E4F-708D47FDD5F0}.Debug|Any CPU.Build.0 = Debug|Any CPU
		{A1D2E51A-BDF8-4AEB-9E4F-708D47FDD5F0}.Release|Any CPU.ActiveCfg = Release|Any CPU
		{A1D2E51A-BDF8-4AEB-9E4F-708D47FDD5F0}.Release|Any CPU.Build.0 = Release|Any CPU
		{95A02BBE-01A1-4148-BE7A-84BB087FC068}.Debug|Any CPU.ActiveCfg = Debug|Any CPU
		{95A02BBE-01A1-4148-BE7A-84BB087FC068}.Debug|Any CPU.Build.0 = Debug|Any CPU
		{95A02BBE-01A1-4148-BE7A-84BB087FC068}.Release|Any CPU.ActiveCfg = Release|Any CPU
		{95A02BBE-01A1-4148-BE7A-84BB087FC068}.Release|Any CPU.Build.0 = Release|Any CPU
		{E0DE5173-4548-425A-8E3A-A07E7BA2CF03}.Debug|Any CPU.ActiveCfg = Debug|Any CPU
		{E0DE5173-4548-425A-8E3A-A07E7BA2CF03}.Debug|Any CPU.Build.0 = Debug|Any CPU
		{E0DE5173-4548-425A-8E3A-A07E7BA2CF03}.Release|Any CPU.ActiveCfg = Release|Any CPU
		{E0DE5173-4548-425A-8E3A-A07E7BA2CF03}.Release|Any CPU.Build.0 = Release|Any CPU
		{59E353FF-5C72-4DE1-A8AF-0D4F9C5E16AC}.Debug|Any CPU.ActiveCfg = Debug|Any CPU
		{59E353FF-5C72-4DE1-A8AF-0D4F9C5E16AC}.Debug|Any CPU.Build.0 = Debug|Any CPU
		{59E353FF-5C72-4DE1-A8AF-0D4F9C5E16AC}.Release|Any CPU.ActiveCfg = Release|Any CPU
		{59E353FF-5C72-4DE1-A8AF-0D4F9C5E16AC}.Release|Any CPU.Build.0 = Release|Any CPU
		{63F9F38A-A9E4-43FE-A690-20D5790FAEE4}.Debug|Any CPU.ActiveCfg = Debug|Any CPU
		{63F9F38A-A9E4-43FE-A690-20D5790FAEE4}.Debug|Any CPU.Build.0 = Debug|Any CPU
		{63F9F38A-A9E4-43FE-A690-20D5790FAEE4}.Release|Any CPU.ActiveCfg = Release|Any CPU
		{63F9F38A-A9E4-43FE-A690-20D5790FAEE4}.Release|Any CPU.Build.0 = Release|Any CPU
		{F46F1D61-7871-4345-8101-8C43C937FF1E}.Debug|Any CPU.ActiveCfg = Debug|Any CPU
		{F46F1D61-7871-4345-8101-8C43C937FF1E}.Debug|Any CPU.Build.0 = Debug|Any CPU
		{F46F1D61-7871-4345-8101-8C43C937FF1E}.Release|Any CPU.ActiveCfg = Release|Any CPU
		{F46F1D61-7871-4345-8101-8C43C937FF1E}.Release|Any CPU.Build.0 = Release|Any CPU
		{501F65DD-8546-4D7B-91FE-0FF28E990F1B}.Debug|Any CPU.ActiveCfg = Debug|Any CPU
		{501F65DD-8546-4D7B-91FE-0FF28E990F1B}.Debug|Any CPU.Build.0 = Debug|Any CPU
		{501F65DD-8546-4D7B-91FE-0FF28E990F1B}.Release|Any CPU.ActiveCfg = Release|Any CPU
		{501F65DD-8546-4D7B-91FE-0FF28E990F1B}.Release|Any CPU.Build.0 = Release|Any CPU
		{9AF57246-1326-4AFA-AD1D-6E48DB12F627}.Debug|Any CPU.ActiveCfg = Debug|Any CPU
		{9AF57246-1326-4AFA-AD1D-6E48DB12F627}.Debug|Any CPU.Build.0 = Debug|Any CPU
		{9AF57246-1326-4AFA-AD1D-6E48DB12F627}.Release|Any CPU.ActiveCfg = Release|Any CPU
		{9AF57246-1326-4AFA-AD1D-6E48DB12F627}.Release|Any CPU.Build.0 = Release|Any CPU
		{11C6D60C-0046-4BEA-B653-775C276D7AFB}.Debug|Any CPU.ActiveCfg = Debug|Any CPU
		{11C6D60C-0046-4BEA-B653-775C276D7AFB}.Debug|Any CPU.Build.0 = Debug|Any CPU
		{11C6D60C-0046-4BEA-B653-775C276D7AFB}.Release|Any CPU.ActiveCfg = Release|Any CPU
		{11C6D60C-0046-4BEA-B653-775C276D7AFB}.Release|Any CPU.Build.0 = Release|Any CPU
		{A41B1363-A06A-4E00-9306-BE3D1B0D4069}.Debug|Any CPU.ActiveCfg = Debug|Any CPU
		{A41B1363-A06A-4E00-9306-BE3D1B0D4069}.Debug|Any CPU.Build.0 = Debug|Any CPU
		{A41B1363-A06A-4E00-9306-BE3D1B0D4069}.Release|Any CPU.ActiveCfg = Release|Any CPU
		{A41B1363-A06A-4E00-9306-BE3D1B0D4069}.Release|Any CPU.Build.0 = Release|Any CPU
		{44CF8AC0-4F5A-47CC-8F87-60FDDF4BC0EE}.Debug|Any CPU.ActiveCfg = Debug|Any CPU
		{44CF8AC0-4F5A-47CC-8F87-60FDDF4BC0EE}.Debug|Any CPU.Build.0 = Debug|Any CPU
		{44CF8AC0-4F5A-47CC-8F87-60FDDF4BC0EE}.Debug|Any CPU.Deploy.0 = Debug|Any CPU
		{44CF8AC0-4F5A-47CC-8F87-60FDDF4BC0EE}.Release|Any CPU.ActiveCfg = Release|Any CPU
		{44CF8AC0-4F5A-47CC-8F87-60FDDF4BC0EE}.Release|Any CPU.Build.0 = Release|Any CPU
		{44CF8AC0-4F5A-47CC-8F87-60FDDF4BC0EE}.Release|Any CPU.Deploy.0 = Release|Any CPU
		{8182BE80-9E21-468B-828E-AFF48E52D323}.Debug|Any CPU.ActiveCfg = Debug|Any CPU
		{8182BE80-9E21-468B-828E-AFF48E52D323}.Debug|Any CPU.Build.0 = Debug|Any CPU
		{8182BE80-9E21-468B-828E-AFF48E52D323}.Release|Any CPU.ActiveCfg = Release|Any CPU
		{8182BE80-9E21-468B-828E-AFF48E52D323}.Release|Any CPU.Build.0 = Release|Any CPU
		{BD3AE378-9B9F-4875-9A83-DC126C446AF6}.Debug|Any CPU.ActiveCfg = Debug|Any CPU
		{BD3AE378-9B9F-4875-9A83-DC126C446AF6}.Debug|Any CPU.Build.0 = Debug|Any CPU
		{BD3AE378-9B9F-4875-9A83-DC126C446AF6}.Release|Any CPU.ActiveCfg = Release|Any CPU
		{BD3AE378-9B9F-4875-9A83-DC126C446AF6}.Release|Any CPU.Build.0 = Release|Any CPU
		{7F65D4E5-3E99-446E-AA63-4C900F78CD81}.Debug|Any CPU.ActiveCfg = Debug|Any CPU
		{7F65D4E5-3E99-446E-AA63-4C900F78CD81}.Debug|Any CPU.Build.0 = Debug|Any CPU
		{7F65D4E5-3E99-446E-AA63-4C900F78CD81}.Release|Any CPU.ActiveCfg = Release|Any CPU
		{7F65D4E5-3E99-446E-AA63-4C900F78CD81}.Release|Any CPU.Build.0 = Release|Any CPU
		{785CCC9D-19BF-4C49-A1F3-AE8DE7CBE8BB}.Debug|Any CPU.ActiveCfg = Debug|Any CPU
		{785CCC9D-19BF-4C49-A1F3-AE8DE7CBE8BB}.Debug|Any CPU.Build.0 = Debug|Any CPU
		{785CCC9D-19BF-4C49-A1F3-AE8DE7CBE8BB}.Release|Any CPU.ActiveCfg = Release|Any CPU
		{785CCC9D-19BF-4C49-A1F3-AE8DE7CBE8BB}.Release|Any CPU.Build.0 = Release|Any CPU
		{960520E1-E1DC-4D99-B174-047324F460AC}.Debug|Any CPU.ActiveCfg = Debug|Any CPU
		{960520E1-E1DC-4D99-B174-047324F460AC}.Debug|Any CPU.Build.0 = Debug|Any CPU
		{960520E1-E1DC-4D99-B174-047324F460AC}.Release|Any CPU.ActiveCfg = Release|Any CPU
		{960520E1-E1DC-4D99-B174-047324F460AC}.Release|Any CPU.Build.0 = Release|Any CPU
	EndGlobalSection
	GlobalSection(SolutionProperties) = preSolution
		HideSolutionNode = FALSE
	EndGlobalSection
	GlobalSection(NestedProjects) = preSolution
		{6DE9B8AD-3CBD-499B-9A17-5DB198B7E6B1} = {E8F7D78E-B04F-4956-BF2F-67A3CFF2A864}
		{41B16059-BFE0-4704-8EEE-44339B3834C5} = {CCC79F61-353C-4F59-8584-EF1E98AE7EED}
		{0A52123E-EFA1-4A86-8223-FB7B807C162A} = {CCC79F61-353C-4F59-8584-EF1E98AE7EED}
		{0E2B1BC3-D1C3-4626-8AA3-37BF3039E43F} = {F0CC3585-9AB5-482D-8239-5E42C2314BCD}
		{9478C868-C8DC-4693-8B87-E222DE17CEEE} = {25608140-95B6-4250-B498-DEC6AE85C6BB}
		{E6F0C39B-3120-4FB4-BCE8-C373236F339E} = {25608140-95B6-4250-B498-DEC6AE85C6BB}
		{11CDF456-A734-4DF6-9C01-953DF2765DA0} = {25608140-95B6-4250-B498-DEC6AE85C6BB}
		{7339C3A3-C1F4-434E-9F2B-D7477706D397} = {25608140-95B6-4250-B498-DEC6AE85C6BB}
		{E4E1C0A0-FB91-4BBE-B35C-21D13411A866} = {25608140-95B6-4250-B498-DEC6AE85C6BB}
		{2334A133-A37C-448A-912D-3DC38CB1BF91} = {E8F7D78E-B04F-4956-BF2F-67A3CFF2A864}
		{20815AAC-D576-42C7-A9A3-9C8D6548690D} = {F0CC3585-9AB5-482D-8239-5E42C2314BCD}
		{619C6476-BBA7-4817-839B-18092490429E} = {F0CC3585-9AB5-482D-8239-5E42C2314BCD}
		{6306767C-23C4-49B4-87BF-D31F917CB358} = {F0CC3585-9AB5-482D-8239-5E42C2314BCD}
		{E5C4B5A3-BE45-49C3-968C-C37FBAB5530E} = {F0CC3585-9AB5-482D-8239-5E42C2314BCD}
		{F4151D58-18D3-4ECF-9ABE-53A1222D20D9} = {F0CC3585-9AB5-482D-8239-5E42C2314BCD}
		{5327FA1B-0FD6-4415-A9AF-C5F52A51BD07} = {E8F7D78E-B04F-4956-BF2F-67A3CFF2A864}
		{5F6D4696-AAC8-47CC-8B92-FC8417A2B35C} = {F0CC3585-9AB5-482D-8239-5E42C2314BCD}
		{55FAB4AA-5D3D-44DF-B9F9-773102AB74F6} = {F0CC3585-9AB5-482D-8239-5E42C2314BCD}
		{A012BFF4-C3B3-4E13-B3F0-9367BAF1F9D0} = {E8F7D78E-B04F-4956-BF2F-67A3CFF2A864}
		{38681AF5-9DD4-4A9A-AA74-42A5797F8FA7} = {E8F7D78E-B04F-4956-BF2F-67A3CFF2A864}
		{21E8873C-0B98-47DA-9079-BF004B914897} = {E8F7D78E-B04F-4956-BF2F-67A3CFF2A864}
		{8741BAAE-D281-4ACA-9C8C-5198FFA0FBE1} = {E8F7D78E-B04F-4956-BF2F-67A3CFF2A864}
		{49666B6A-5A62-4F16-8B2D-E3B3FCBE20FF} = {7762E4ED-A63F-42F2-94F6-14D556EB8E6F}
		{A1D2E51A-BDF8-4AEB-9E4F-708D47FDD5F0} = {E8F7D78E-B04F-4956-BF2F-67A3CFF2A864}
		{95A02BBE-01A1-4148-BE7A-84BB087FC068} = {E8F7D78E-B04F-4956-BF2F-67A3CFF2A864}
		{E0DE5173-4548-425A-8E3A-A07E7BA2CF03} = {7762E4ED-A63F-42F2-94F6-14D556EB8E6F}
		{59E353FF-5C72-4DE1-A8AF-0D4F9C5E16AC} = {E8F7D78E-B04F-4956-BF2F-67A3CFF2A864}
		{63F9F38A-A9E4-43FE-A690-20D5790FAEE4} = {E8F7D78E-B04F-4956-BF2F-67A3CFF2A864}
		{F46F1D61-7871-4345-8101-8C43C937FF1E} = {E8F7D78E-B04F-4956-BF2F-67A3CFF2A864}
		{501F65DD-8546-4D7B-91FE-0FF28E990F1B} = {F0CC3585-9AB5-482D-8239-5E42C2314BCD}
		{9AF57246-1326-4AFA-AD1D-6E48DB12F627} = {F0CC3585-9AB5-482D-8239-5E42C2314BCD}
		{11C6D60C-0046-4BEA-B653-775C276D7AFB} = {E8F7D78E-B04F-4956-BF2F-67A3CFF2A864}
		{A41B1363-A06A-4E00-9306-BE3D1B0D4069} = {E8F7D78E-B04F-4956-BF2F-67A3CFF2A864}
		{44CF8AC0-4F5A-47CC-8F87-60FDDF4BC0EE} = {CCC79F61-353C-4F59-8584-EF1E98AE7EED}
		{8182BE80-9E21-468B-828E-AFF48E52D323} = {E8F7D78E-B04F-4956-BF2F-67A3CFF2A864}
		{BD3AE378-9B9F-4875-9A83-DC126C446AF6} = {E8F7D78E-B04F-4956-BF2F-67A3CFF2A864}
		{7F65D4E5-3E99-446E-AA63-4C900F78CD81} = {D40581D7-2A4A-4E88-8249-BC847F66C200}
		{785CCC9D-19BF-4C49-A1F3-AE8DE7CBE8BB} = {D40581D7-2A4A-4E88-8249-BC847F66C200}
		{F0CC3585-9AB5-482D-8239-5E42C2314BCD} = {E8F7D78E-B04F-4956-BF2F-67A3CFF2A864}
		{7762E4ED-A63F-42F2-94F6-14D556EB8E6F} = {E8F7D78E-B04F-4956-BF2F-67A3CFF2A864}
		{960520E1-E1DC-4D99-B174-047324F460AC} = {E8F7D78E-B04F-4956-BF2F-67A3CFF2A864}
	EndGlobalSection
	GlobalSection(ExtensibilityGlobals) = postSolution
		SolutionGuid = {5692BF08-52C2-4A45-9DA9-F6B390321257}
	EndGlobalSection
	GlobalSection(SharedMSBuildProjectFiles) = preSolution
		UvDebug\Shared\UvDebug.projitems*{0a52123e-efa1-4a86-8223-fb7b807c162a}*SharedItemsImports = 5
		Sedulous.Tests.Content\Sedulous.Tests.Content.projitems*{0e2b1bc3-d1c3-4626-8aa3-37bf3039e43f}*SharedItemsImports = 13
		Sedulous.Tests.Content\Sedulous.Tests.Content.projitems*{20815aac-d576-42c7-a9a3-9c8d6548690d}*SharedItemsImports = 5
		UvDebug\Shared\UvDebug.projitems*{41b16059-bfe0-4704-8eee-44339b3834c5}*SharedItemsImports = 13
		UvDebug\Shared\UvDebug.projitems*{44cf8ac0-4f5a-47cc-8f87-60fddf4bc0ee}*SharedItemsImports = 5
		Sedulous.Tests.Content\Sedulous.Tests.Content.projitems*{55fab4aa-5d3d-44df-b9f9-773102ab74f6}*SharedItemsImports = 5
	EndGlobalSection
	GlobalSection(Performance) = preSolution
		HasPerformanceSessions = true
	EndGlobalSection
	GlobalSection(MonoDevelopProperties) = preSolution
		Policies = $0
		$0.TextStylePolicy = $1
		$1.FileWidth = 120
		$1.EolMarker = Windows
		$1.inheritsSet = VisualStudio
		$1.inheritsScope = text/plain
		$1.scope = text/x-csharp
		$0.CSharpFormattingPolicy = $2
		$2.AnonymousMethodBraceStyle = NextLine
		$2.PropertyBraceStyle = NextLine
		$2.PropertyGetBraceStyle = NextLine
		$2.PropertySetBraceStyle = NextLine
		$2.EventBraceStyle = NextLine
		$2.EventAddBraceStyle = NextLine
		$2.EventRemoveBraceStyle = NextLine
		$2.StatementBraceStyle = NextLine
		$2.BeforeMethodDeclarationParentheses = False
		$2.BeforeMethodCallParentheses = False
		$2.BeforeConstructorDeclarationParentheses = False
		$2.BeforeIndexerDeclarationBracket = False
		$2.BeforeDelegateDeclarationParentheses = False
		$2.AfterDelegateDeclarationParameterComma = True
		$2.NewParentheses = False
		$2.SpacesBeforeBrackets = False
		$2.inheritsSet = Mono
		$2.inheritsScope = text/x-csharp
		$2.scope = text/x-csharp
		StartupItem = UvDebug\Desktop\UvDebug.Desktop.csproj
	EndGlobalSection
EndGlobal
