
Microsoft Visual Studio Solution File, Format Version 12.00
# Visual Studio Version 17
VisualStudioVersion = 17.3.32901.215
MinimumVisualStudioVersion = 10.0.40219.1
Project("{9A19103F-16F7-4668-BE54-9A1E7A4F7556}") = "Sedulous.Shims.NETCore", "Sedulous.Shims.NETCore\Sedulous.Shims.NETCore.csproj", "{6DE9B8AD-3CBD-499B-9A17-5DB198B7E6B1}"
EndProject
Project("{D954291E-2A0B-460D-934E-DC6B0785DB48}") = "UvDebug", "UvDebug\Shared\UvDebug.shproj", "{41B16059-BFE0-4704-8EEE-44339B3834C5}"
EndProject
Project("{D954291E-2A0B-460D-934E-DC6B0785DB48}") = "Sedulous.Tests.Content", "Sedulous.Tests.Content\Sedulous.Tests.Content.shproj", "{0E2B1BC3-D1C3-4626-8AA3-37BF3039E43F}"
EndProject
Project("{9A19103F-16F7-4668-BE54-9A1E7A4F7556}") = "UvNativeCodeGen", "UvNativeCodeGen\UvNativeCodeGen.csproj", "{88E9A1B4-A4DA-4988-B3FD-E49A1360ABF6}"
EndProject
Project("{9A19103F-16F7-4668-BE54-9A1E7A4F7556}") = "UvFont", "UvFont\UvFont.csproj", "{AAA9876D-B616-442C-B0D9-AE3786359680}"
EndProject
Project("{9A19103F-16F7-4668-BE54-9A1E7A4F7556}") = "UvAssetList", "UvAssetList\UvAssetList.csproj", "{40561B18-2D11-49AF-AD0B-11C1173F294B}"
EndProject
Project("{9A19103F-16F7-4668-BE54-9A1E7A4F7556}") = "UvArchive", "UvArchive\UvArchive.csproj", "{E6FF38EE-127B-4474-83B5-BD90932FB4AB}"
EndProject
Project("{9A19103F-16F7-4668-BE54-9A1E7A4F7556}") = "Sedulous.Tooling", "Sedulous.Tooling\Sedulous.Tooling.csproj", "{3257DB8E-5B61-4D26-A3EC-D84C5FA8F6A5}"
EndProject
Project("{9A19103F-16F7-4668-BE54-9A1E7A4F7556}") = "Sedulous.Tests", "Sedulous.Tests\Sedulous.Tests.csproj", "{C435FD6F-7B55-476D-AF9F-41B820A5CDCB}"
EndProject
Project("{9A19103F-16F7-4668-BE54-9A1E7A4F7556}") = "Sedulous.TestFramework", "Sedulous.TestFramework\Sedulous.TestFramework.csproj", "{3CCE9841-0A62-4265-A5FF-DBD13990D695}"
EndProject
Project("{9A19103F-16F7-4668-BE54-9A1E7A4F7556}") = "Sedulous.TestApplication", "Sedulous.TestApplication\Sedulous.TestApplication.csproj", "{942FFAF4-2AA1-4EB5-AD36-E51F3706EB52}"
EndProject
Project("{9A19103F-16F7-4668-BE54-9A1E7A4F7556}") = "Sedulous.Presentation.Uvss.Tests", "Sedulous.Presentation.Uvss.Tests\Sedulous.Presentation.Uvss.Tests.csproj", "{142CAD9E-D98F-4E57-9CA8-C0B829A62B7B}"
EndProject
Project("{9A19103F-16F7-4668-BE54-9A1E7A4F7556}") = "Sedulous.Presentation.Uvss.TestFramework", "Sedulous.Presentation.Uvss.TestFramework\Sedulous.Presentation.Uvss.TestFramework.csproj", "{18D45BD6-0616-4119-AC18-EB4DFE454E9F}"
EndProject
Project("{9A19103F-16F7-4668-BE54-9A1E7A4F7556}") = "Sedulous.Presentation.Uvss", "Sedulous.Presentation.Uvss\Sedulous.Presentation.Uvss.csproj", "{2B713308-D7B8-4258-8614-B62464054350}"
EndProject
Project("{9A19103F-16F7-4668-BE54-9A1E7A4F7556}") = "Sedulous.Presentation.Tests.ViewModels", "Sedulous.Presentation.Tests.ViewModels\Sedulous.Presentation.Tests.ViewModels.csproj", "{93CDD635-41A6-488C-82CF-FB4DD0977D6C}"
EndProject
Project("{9A19103F-16F7-4668-BE54-9A1E7A4F7556}") = "Sedulous.Presentation.Tests", "Sedulous.Presentation.Tests\Sedulous.Presentation.Tests.csproj", "{7D7FD455-39A6-4C33-93B1-F68852F2D602}"
EndProject
Project("{9A19103F-16F7-4668-BE54-9A1E7A4F7556}") = "Sedulous.Presentation.Compiler", "Sedulous.Presentation.Compiler\Sedulous.Presentation.Compiler.csproj", "{159B9E40-0A65-48AC-96A2-33B6E6492FFF}"
EndProject
Project("{9A19103F-16F7-4668-BE54-9A1E7A4F7556}") = "Sedulous.SDL2", "Sedulous.SDL2\Sedulous.SDL2.csproj", "{21AA4BF2-B80A-4FF5-BAD1-FAC235B778BF}"
EndProject
Project("{9A19103F-16F7-4668-BE54-9A1E7A4F7556}") = "Sedulous.Presentation", "Sedulous.Presentation\Sedulous.Presentation.csproj", "{EDC801D0-8F84-424D-AC60-17D16D92AA96}"
EndProject
Project("{9A19103F-16F7-4668-BE54-9A1E7A4F7556}") = "Sedulous.OpenGL", "Sedulous.OpenGL\Sedulous.OpenGL.csproj", "{A8378AEE-E9AA-452A-9BDA-1D64C340ECE1}"
EndProject
Project("{9A19103F-16F7-4668-BE54-9A1E7A4F7556}") = "Sedulous.OpenGL.Bindings", "Sedulous.OpenGL.Bindings\Sedulous.OpenGL.Bindings.csproj", "{A5F5878D-193B-4951-AA5E-8D78B38319F1}"
EndProject
Project("{9A19103F-16F7-4668-BE54-9A1E7A4F7556}") = "Sedulous.OpenGL.Environment", "Sedulous.OpenGL.Environment\Sedulous.OpenGL.Environment.csproj", "{88FA1DB3-4E27-410F-A69B-CBE6EDC19C51}"
EndProject
Project("{9A19103F-16F7-4668-BE54-9A1E7A4F7556}") = "Sedulous.ImGuiViewProvider", "Sedulous.ImGuiViewProvider\Sedulous.ImGuiViewProvider.csproj", "{4C80D243-DEDB-44A6-8D06-C46CD1118B65}"
EndProject
Project("{9A19103F-16F7-4668-BE54-9A1E7A4F7556}") = "Sedulous.ImGuiViewProvider.Bindings", "Sedulous.ImGuiViewProvider.Bindings\Sedulous.ImGuiViewProvider.Bindings.csproj", "{39D9A502-2E0D-4CC0-98AF-C7A0C2B7BB4A}"
EndProject
Project("{9A19103F-16F7-4668-BE54-9A1E7A4F7556}") = "Sedulous.FreeType2", "Sedulous.FreeType2\Sedulous.FreeType2.csproj", "{3574331B-CC0C-4669-8DC2-C1924928DC4C}"
EndProject
Project("{9A19103F-16F7-4668-BE54-9A1E7A4F7556}") = "Sedulous.FMOD", "Sedulous.FMOD\Sedulous.FMOD.csproj", "{19122194-2C21-4E37-B4F7-7139CE918136}"
EndProject
Project("{9A19103F-16F7-4668-BE54-9A1E7A4F7556}") = "Sedulous.BASS", "Sedulous.BASS\Sedulous.BASS.csproj", "{5EEA30EB-AF3A-4CB3-8EDD-5E35A81C9167}"
EndProject
Project("{9A19103F-16F7-4668-BE54-9A1E7A4F7556}") = "Sedulous.Core.TestFramework", "Sedulous.Core.TestFramework\Sedulous.Core.TestFramework.csproj", "{FAA133DB-7D55-42D2-A002-6B5DC5632DA8}"
EndProject
Project("{9A19103F-16F7-4668-BE54-9A1E7A4F7556}") = "Sedulous.Core.Tests", "Sedulous.Core.Tests\Sedulous.Core.Tests.csproj", "{45E9A696-82E6-4C8A-8223-21B0746331A2}"
EndProject
Project("{9A19103F-16F7-4668-BE54-9A1E7A4F7556}") = "Sedulous.Core", "Sedulous.Core\Sedulous.Core.csproj", "{46631744-EB05-45EF-81C8-5E16CA3BB873}"
EndProject
Project("{9A19103F-16F7-4668-BE54-9A1E7A4F7556}") = "Sedulous", "Sedulous\Sedulous.csproj", "{AD13E812-1F4E-4772-81B7-4839375C9569}"
EndProject
Project("{9A19103F-16F7-4668-BE54-9A1E7A4F7556}") = "Sedulous.StbImageSharp", "StbImageSharp\Sedulous.StbImageSharp.csproj", "{C4C44055-F77D-4AD5-BD31-4DB72342715E}"
EndProject
Project("{9A19103F-16F7-4668-BE54-9A1E7A4F7556}") = "Sedulous.StbImageWriteSharp", "StbImageWriteSharp\Sedulous.StbImageWriteSharp.csproj", "{6BC1D74C-B598-4A1D-BA0C-1F9886F5F025}"
EndProject
Project("{9A19103F-16F7-4668-BE54-9A1E7A4F7556}") = "Sedulous.Shims.Android", "Sedulous.Shims.Android\Sedulous.Shims.Android.csproj", "{15DB1E82-93B8-40E6-B782-6261CA25E024}"
EndProject
Project("{9A19103F-16F7-4668-BE54-9A1E7A4F7556}") = "Sedulous.Shims.Android.FMOD", "Sedulous.Shims.Android.FMOD\Sedulous.Shims.Android.FMOD.csproj", "{4AC93F92-F415-45E5-A402-80BB076101E2}"
EndProject
Project("{9A19103F-16F7-4668-BE54-9A1E7A4F7556}") = "UvDebug.Android", "UvDebug\Android\UvDebug.Android.csproj", "{5F92D7E7-2586-4CA1-AE55-23D7BB5E249E}"
EndProject
Global
	GlobalSection(SolutionConfigurationPlatforms) = preSolution
		Debug|Any CPU = Debug|Any CPU
		Release|Any CPU = Release|Any CPU
	EndGlobalSection
	GlobalSection(ProjectConfigurationPlatforms) = postSolution
		{6DE9B8AD-3CBD-499B-9A17-5DB198B7E6B1}.Debug|Any CPU.ActiveCfg = Debug|Any CPU
		{6DE9B8AD-3CBD-499B-9A17-5DB198B7E6B1}.Debug|Any CPU.Build.0 = Debug|Any CPU
		{6DE9B8AD-3CBD-499B-9A17-5DB198B7E6B1}.Release|Any CPU.ActiveCfg = Release|Any CPU
		{6DE9B8AD-3CBD-499B-9A17-5DB198B7E6B1}.Release|Any CPU.Build.0 = Release|Any CPU
		{41B16059-BFE0-4704-8EEE-44339B3834C5}.Debug|Any CPU.ActiveCfg = Debug|Any CPU
		{41B16059-BFE0-4704-8EEE-44339B3834C5}.Release|Any CPU.ActiveCfg = Release|Any CPU
		{0E2B1BC3-D1C3-4626-8AA3-37BF3039E43F}.Debug|Any CPU.ActiveCfg = Debug|Any CPU
		{0E2B1BC3-D1C3-4626-8AA3-37BF3039E43F}.Release|Any CPU.ActiveCfg = Release|Any CPU
		{88E9A1B4-A4DA-4988-B3FD-E49A1360ABF6}.Debug|Any CPU.ActiveCfg = Debug|Any CPU
		{88E9A1B4-A4DA-4988-B3FD-E49A1360ABF6}.Debug|Any CPU.Build.0 = Debug|Any CPU
		{88E9A1B4-A4DA-4988-B3FD-E49A1360ABF6}.Release|Any CPU.ActiveCfg = Release|Any CPU
		{88E9A1B4-A4DA-4988-B3FD-E49A1360ABF6}.Release|Any CPU.Build.0 = Release|Any CPU
		{AAA9876D-B616-442C-B0D9-AE3786359680}.Debug|Any CPU.ActiveCfg = Debug|Any CPU
		{AAA9876D-B616-442C-B0D9-AE3786359680}.Debug|Any CPU.Build.0 = Debug|Any CPU
		{AAA9876D-B616-442C-B0D9-AE3786359680}.Release|Any CPU.ActiveCfg = Release|Any CPU
		{AAA9876D-B616-442C-B0D9-AE3786359680}.Release|Any CPU.Build.0 = Release|Any CPU
		{40561B18-2D11-49AF-AD0B-11C1173F294B}.Debug|Any CPU.ActiveCfg = Debug|Any CPU
		{40561B18-2D11-49AF-AD0B-11C1173F294B}.Debug|Any CPU.Build.0 = Debug|Any CPU
		{40561B18-2D11-49AF-AD0B-11C1173F294B}.Release|Any CPU.ActiveCfg = Release|Any CPU
		{40561B18-2D11-49AF-AD0B-11C1173F294B}.Release|Any CPU.Build.0 = Release|Any CPU
		{E6FF38EE-127B-4474-83B5-BD90932FB4AB}.Debug|Any CPU.ActiveCfg = Debug|Any CPU
		{E6FF38EE-127B-4474-83B5-BD90932FB4AB}.Debug|Any CPU.Build.0 = Debug|Any CPU
		{E6FF38EE-127B-4474-83B5-BD90932FB4AB}.Release|Any CPU.ActiveCfg = Release|Any CPU
		{E6FF38EE-127B-4474-83B5-BD90932FB4AB}.Release|Any CPU.Build.0 = Release|Any CPU
		{3257DB8E-5B61-4D26-A3EC-D84C5FA8F6A5}.Debug|Any CPU.ActiveCfg = Debug|Any CPU
		{3257DB8E-5B61-4D26-A3EC-D84C5FA8F6A5}.Debug|Any CPU.Build.0 = Debug|Any CPU
		{3257DB8E-5B61-4D26-A3EC-D84C5FA8F6A5}.Release|Any CPU.ActiveCfg = Release|Any CPU
		{3257DB8E-5B61-4D26-A3EC-D84C5FA8F6A5}.Release|Any CPU.Build.0 = Release|Any CPU
		{C435FD6F-7B55-476D-AF9F-41B820A5CDCB}.Debug|Any CPU.ActiveCfg = Debug|Any CPU
		{C435FD6F-7B55-476D-AF9F-41B820A5CDCB}.Debug|Any CPU.Build.0 = Debug|Any CPU
		{C435FD6F-7B55-476D-AF9F-41B820A5CDCB}.Release|Any CPU.ActiveCfg = Release|Any CPU
		{C435FD6F-7B55-476D-AF9F-41B820A5CDCB}.Release|Any CPU.Build.0 = Release|Any CPU
		{3CCE9841-0A62-4265-A5FF-DBD13990D695}.Debug|Any CPU.ActiveCfg = Debug|Any CPU
		{3CCE9841-0A62-4265-A5FF-DBD13990D695}.Debug|Any CPU.Build.0 = Debug|Any CPU
		{3CCE9841-0A62-4265-A5FF-DBD13990D695}.Release|Any CPU.ActiveCfg = Release|Any CPU
		{3CCE9841-0A62-4265-A5FF-DBD13990D695}.Release|Any CPU.Build.0 = Release|Any CPU
		{942FFAF4-2AA1-4EB5-AD36-E51F3706EB52}.Debug|Any CPU.ActiveCfg = Debug|Any CPU
		{942FFAF4-2AA1-4EB5-AD36-E51F3706EB52}.Debug|Any CPU.Build.0 = Debug|Any CPU
		{942FFAF4-2AA1-4EB5-AD36-E51F3706EB52}.Release|Any CPU.ActiveCfg = Release|Any CPU
		{942FFAF4-2AA1-4EB5-AD36-E51F3706EB52}.Release|Any CPU.Build.0 = Release|Any CPU
		{142CAD9E-D98F-4E57-9CA8-C0B829A62B7B}.Debug|Any CPU.ActiveCfg = Debug|Any CPU
		{142CAD9E-D98F-4E57-9CA8-C0B829A62B7B}.Debug|Any CPU.Build.0 = Debug|Any CPU
		{142CAD9E-D98F-4E57-9CA8-C0B829A62B7B}.Release|Any CPU.ActiveCfg = Release|Any CPU
		{142CAD9E-D98F-4E57-9CA8-C0B829A62B7B}.Release|Any CPU.Build.0 = Release|Any CPU
		{18D45BD6-0616-4119-AC18-EB4DFE454E9F}.Debug|Any CPU.ActiveCfg = Debug|Any CPU
		{18D45BD6-0616-4119-AC18-EB4DFE454E9F}.Debug|Any CPU.Build.0 = Debug|Any CPU
		{18D45BD6-0616-4119-AC18-EB4DFE454E9F}.Release|Any CPU.ActiveCfg = Release|Any CPU
		{18D45BD6-0616-4119-AC18-EB4DFE454E9F}.Release|Any CPU.Build.0 = Release|Any CPU
		{2B713308-D7B8-4258-8614-B62464054350}.Debug|Any CPU.ActiveCfg = Debug|Any CPU
		{2B713308-D7B8-4258-8614-B62464054350}.Debug|Any CPU.Build.0 = Debug|Any CPU
		{2B713308-D7B8-4258-8614-B62464054350}.Release|Any CPU.ActiveCfg = Release|Any CPU
		{2B713308-D7B8-4258-8614-B62464054350}.Release|Any CPU.Build.0 = Release|Any CPU
		{93CDD635-41A6-488C-82CF-FB4DD0977D6C}.Debug|Any CPU.ActiveCfg = Debug|Any CPU
		{93CDD635-41A6-488C-82CF-FB4DD0977D6C}.Debug|Any CPU.Build.0 = Debug|Any CPU
		{93CDD635-41A6-488C-82CF-FB4DD0977D6C}.Release|Any CPU.ActiveCfg = Release|Any CPU
		{93CDD635-41A6-488C-82CF-FB4DD0977D6C}.Release|Any CPU.Build.0 = Release|Any CPU
		{7D7FD455-39A6-4C33-93B1-F68852F2D602}.Debug|Any CPU.ActiveCfg = Debug|Any CPU
		{7D7FD455-39A6-4C33-93B1-F68852F2D602}.Debug|Any CPU.Build.0 = Debug|Any CPU
		{7D7FD455-39A6-4C33-93B1-F68852F2D602}.Release|Any CPU.ActiveCfg = Release|Any CPU
		{7D7FD455-39A6-4C33-93B1-F68852F2D602}.Release|Any CPU.Build.0 = Release|Any CPU
		{159B9E40-0A65-48AC-96A2-33B6E6492FFF}.Debug|Any CPU.ActiveCfg = Debug|Any CPU
		{159B9E40-0A65-48AC-96A2-33B6E6492FFF}.Debug|Any CPU.Build.0 = Debug|Any CPU
		{159B9E40-0A65-48AC-96A2-33B6E6492FFF}.Release|Any CPU.ActiveCfg = Release|Any CPU
		{159B9E40-0A65-48AC-96A2-33B6E6492FFF}.Release|Any CPU.Build.0 = Release|Any CPU
		{21AA4BF2-B80A-4FF5-BAD1-FAC235B778BF}.Debug|Any CPU.ActiveCfg = Debug|Any CPU
		{21AA4BF2-B80A-4FF5-BAD1-FAC235B778BF}.Debug|Any CPU.Build.0 = Debug|Any CPU
		{21AA4BF2-B80A-4FF5-BAD1-FAC235B778BF}.Release|Any CPU.ActiveCfg = Release|Any CPU
		{21AA4BF2-B80A-4FF5-BAD1-FAC235B778BF}.Release|Any CPU.Build.0 = Release|Any CPU
		{EDC801D0-8F84-424D-AC60-17D16D92AA96}.Debug|Any CPU.ActiveCfg = Debug|Any CPU
		{EDC801D0-8F84-424D-AC60-17D16D92AA96}.Debug|Any CPU.Build.0 = Debug|Any CPU
		{EDC801D0-8F84-424D-AC60-17D16D92AA96}.Release|Any CPU.ActiveCfg = Release|Any CPU
		{EDC801D0-8F84-424D-AC60-17D16D92AA96}.Release|Any CPU.Build.0 = Release|Any CPU
		{A8378AEE-E9AA-452A-9BDA-1D64C340ECE1}.Debug|Any CPU.ActiveCfg = Debug|Any CPU
		{A8378AEE-E9AA-452A-9BDA-1D64C340ECE1}.Debug|Any CPU.Build.0 = Debug|Any CPU
		{A8378AEE-E9AA-452A-9BDA-1D64C340ECE1}.Release|Any CPU.ActiveCfg = Release|Any CPU
		{A8378AEE-E9AA-452A-9BDA-1D64C340ECE1}.Release|Any CPU.Build.0 = Release|Any CPU
		{A5F5878D-193B-4951-AA5E-8D78B38319F1}.Debug|Any CPU.ActiveCfg = Debug|Any CPU
		{A5F5878D-193B-4951-AA5E-8D78B38319F1}.Debug|Any CPU.Build.0 = Debug|Any CPU
		{A5F5878D-193B-4951-AA5E-8D78B38319F1}.Release|Any CPU.ActiveCfg = Release|Any CPU
		{A5F5878D-193B-4951-AA5E-8D78B38319F1}.Release|Any CPU.Build.0 = Release|Any CPU
		{88FA1DB3-4E27-410F-A69B-CBE6EDC19C51}.Debug|Any CPU.ActiveCfg = Debug|Any CPU
		{88FA1DB3-4E27-410F-A69B-CBE6EDC19C51}.Debug|Any CPU.Build.0 = Debug|Any CPU
		{88FA1DB3-4E27-410F-A69B-CBE6EDC19C51}.Release|Any CPU.ActiveCfg = Release|Any CPU
		{88FA1DB3-4E27-410F-A69B-CBE6EDC19C51}.Release|Any CPU.Build.0 = Release|Any CPU
		{4C80D243-DEDB-44A6-8D06-C46CD1118B65}.Debug|Any CPU.ActiveCfg = Debug|Any CPU
		{4C80D243-DEDB-44A6-8D06-C46CD1118B65}.Debug|Any CPU.Build.0 = Debug|Any CPU
		{4C80D243-DEDB-44A6-8D06-C46CD1118B65}.Release|Any CPU.ActiveCfg = Release|Any CPU
		{4C80D243-DEDB-44A6-8D06-C46CD1118B65}.Release|Any CPU.Build.0 = Release|Any CPU
		{39D9A502-2E0D-4CC0-98AF-C7A0C2B7BB4A}.Debug|Any CPU.ActiveCfg = Debug|Any CPU
		{39D9A502-2E0D-4CC0-98AF-C7A0C2B7BB4A}.Debug|Any CPU.Build.0 = Debug|Any CPU
		{39D9A502-2E0D-4CC0-98AF-C7A0C2B7BB4A}.Release|Any CPU.ActiveCfg = Release|Any CPU
		{39D9A502-2E0D-4CC0-98AF-C7A0C2B7BB4A}.Release|Any CPU.Build.0 = Release|Any CPU
		{3574331B-CC0C-4669-8DC2-C1924928DC4C}.Debug|Any CPU.ActiveCfg = Debug|Any CPU
		{3574331B-CC0C-4669-8DC2-C1924928DC4C}.Debug|Any CPU.Build.0 = Debug|Any CPU
		{3574331B-CC0C-4669-8DC2-C1924928DC4C}.Release|Any CPU.ActiveCfg = Release|Any CPU
		{3574331B-CC0C-4669-8DC2-C1924928DC4C}.Release|Any CPU.Build.0 = Release|Any CPU
		{19122194-2C21-4E37-B4F7-7139CE918136}.Debug|Any CPU.ActiveCfg = Debug|Any CPU
		{19122194-2C21-4E37-B4F7-7139CE918136}.Debug|Any CPU.Build.0 = Debug|Any CPU
		{19122194-2C21-4E37-B4F7-7139CE918136}.Release|Any CPU.ActiveCfg = Release|Any CPU
		{19122194-2C21-4E37-B4F7-7139CE918136}.Release|Any CPU.Build.0 = Release|Any CPU
		{5EEA30EB-AF3A-4CB3-8EDD-5E35A81C9167}.Debug|Any CPU.ActiveCfg = Debug|Any CPU
		{5EEA30EB-AF3A-4CB3-8EDD-5E35A81C9167}.Debug|Any CPU.Build.0 = Debug|Any CPU
		{5EEA30EB-AF3A-4CB3-8EDD-5E35A81C9167}.Release|Any CPU.ActiveCfg = Release|Any CPU
		{5EEA30EB-AF3A-4CB3-8EDD-5E35A81C9167}.Release|Any CPU.Build.0 = Release|Any CPU
		{FAA133DB-7D55-42D2-A002-6B5DC5632DA8}.Debug|Any CPU.ActiveCfg = Debug|Any CPU
		{FAA133DB-7D55-42D2-A002-6B5DC5632DA8}.Debug|Any CPU.Build.0 = Debug|Any CPU
		{FAA133DB-7D55-42D2-A002-6B5DC5632DA8}.Release|Any CPU.ActiveCfg = Release|Any CPU
		{FAA133DB-7D55-42D2-A002-6B5DC5632DA8}.Release|Any CPU.Build.0 = Release|Any CPU
		{45E9A696-82E6-4C8A-8223-21B0746331A2}.Debug|Any CPU.ActiveCfg = Debug|Any CPU
		{45E9A696-82E6-4C8A-8223-21B0746331A2}.Debug|Any CPU.Build.0 = Debug|Any CPU
		{45E9A696-82E6-4C8A-8223-21B0746331A2}.Release|Any CPU.ActiveCfg = Release|Any CPU
		{45E9A696-82E6-4C8A-8223-21B0746331A2}.Release|Any CPU.Build.0 = Release|Any CPU
		{46631744-EB05-45EF-81C8-5E16CA3BB873}.Debug|Any CPU.ActiveCfg = Debug|Any CPU
		{46631744-EB05-45EF-81C8-5E16CA3BB873}.Debug|Any CPU.Build.0 = Debug|Any CPU
		{46631744-EB05-45EF-81C8-5E16CA3BB873}.Release|Any CPU.ActiveCfg = Release|Any CPU
		{46631744-EB05-45EF-81C8-5E16CA3BB873}.Release|Any CPU.Build.0 = Release|Any CPU
		{AD13E812-1F4E-4772-81B7-4839375C9569}.Debug|Any CPU.ActiveCfg = Debug|Any CPU
		{AD13E812-1F4E-4772-81B7-4839375C9569}.Debug|Any CPU.Build.0 = Debug|Any CPU
		{AD13E812-1F4E-4772-81B7-4839375C9569}.Release|Any CPU.ActiveCfg = Release|Any CPU
		{AD13E812-1F4E-4772-81B7-4839375C9569}.Release|Any CPU.Build.0 = Release|Any CPU
		{C4C44055-F77D-4AD5-BD31-4DB72342715E}.Debug|Any CPU.ActiveCfg = Debug|Any CPU
		{C4C44055-F77D-4AD5-BD31-4DB72342715E}.Debug|Any CPU.Build.0 = Debug|Any CPU
		{C4C44055-F77D-4AD5-BD31-4DB72342715E}.Release|Any CPU.ActiveCfg = Release|Any CPU
		{C4C44055-F77D-4AD5-BD31-4DB72342715E}.Release|Any CPU.Build.0 = Release|Any CPU
		{6BC1D74C-B598-4A1D-BA0C-1F9886F5F025}.Debug|Any CPU.ActiveCfg = Debug|Any CPU
		{6BC1D74C-B598-4A1D-BA0C-1F9886F5F025}.Debug|Any CPU.Build.0 = Debug|Any CPU
		{6BC1D74C-B598-4A1D-BA0C-1F9886F5F025}.Release|Any CPU.ActiveCfg = Release|Any CPU
		{6BC1D74C-B598-4A1D-BA0C-1F9886F5F025}.Release|Any CPU.Build.0 = Release|Any CPU
		{15DB1E82-93B8-40E6-B782-6261CA25E024}.Debug|Any CPU.ActiveCfg = Debug|Any CPU
		{15DB1E82-93B8-40E6-B782-6261CA25E024}.Debug|Any CPU.Build.0 = Debug|Any CPU
		{15DB1E82-93B8-40E6-B782-6261CA25E024}.Release|Any CPU.ActiveCfg = Release|Any CPU
		{15DB1E82-93B8-40E6-B782-6261CA25E024}.Release|Any CPU.Build.0 = Release|Any CPU
		{4AC93F92-F415-45E5-A402-80BB076101E2}.Debug|Any CPU.ActiveCfg = Debug|Any CPU
		{4AC93F92-F415-45E5-A402-80BB076101E2}.Debug|Any CPU.Build.0 = Debug|Any CPU
		{4AC93F92-F415-45E5-A402-80BB076101E2}.Release|Any CPU.ActiveCfg = Release|Any CPU
		{4AC93F92-F415-45E5-A402-80BB076101E2}.Release|Any CPU.Build.0 = Release|Any CPU
		{5F92D7E7-2586-4CA1-AE55-23D7BB5E249E}.Debug|Any CPU.ActiveCfg = Debug|Any CPU
		{5F92D7E7-2586-4CA1-AE55-23D7BB5E249E}.Debug|Any CPU.Build.0 = Debug|Any CPU
		{5F92D7E7-2586-4CA1-AE55-23D7BB5E249E}.Debug|Any CPU.Deploy.0 = Debug|Any CPU
		{5F92D7E7-2586-4CA1-AE55-23D7BB5E249E}.Release|Any CPU.ActiveCfg = Release|Any CPU
		{5F92D7E7-2586-4CA1-AE55-23D7BB5E249E}.Release|Any CPU.Build.0 = Release|Any CPU
	EndGlobalSection
	GlobalSection(SolutionProperties) = preSolution
		HideSolutionNode = FALSE
	EndGlobalSection
	GlobalSection(ExtensibilityGlobals) = postSolution
		SolutionGuid = {5692BF08-52C2-4A45-9DA9-F6B390321257}
	EndGlobalSection
	GlobalSection(SharedMSBuildProjectFiles) = preSolution
		Sedulous.Tests.Content\Sedulous.Tests.Content.projitems*{0e2b1bc3-d1c3-4626-8aa3-37bf3039e43f}*SharedItemsImports = 13
		UvDebug\Shared\UvDebug.projitems*{41b16059-bfe0-4704-8eee-44339b3834c5}*SharedItemsImports = 13
		UvDebug\Shared\UvDebug.projitems*{5f92d7e7-2586-4ca1-ae55-23d7bb5e249e}*SharedItemsImports = 5
		Sedulous.Tests.Content\Sedulous.Tests.Content.projitems*{7d7fd455-39a6-4c33-93b1-f68852f2d602}*SharedItemsImports = 5
		Sedulous.Tests.Content\Sedulous.Tests.Content.projitems*{c435fd6f-7b55-476d-af9f-41b820a5cdcb}*SharedItemsImports = 5
	EndGlobalSection
	GlobalSection(Performance) = preSolution
		HasPerformanceSessions = true
	EndGlobalSection
	GlobalSection(MonoDevelopProperties) = preSolution
		Policies = $0
		$0.TextStylePolicy = $1
		$1.FileWidth = 120
		$1.EolMarker = Windows
		$1.inheritsSet = VisualStudio
		$1.inheritsScope = text/plain
		$1.scope = text/x-csharp
		$0.CSharpFormattingPolicy = $2
		$2.AnonymousMethodBraceStyle = NextLine
		$2.PropertyBraceStyle = NextLine
		$2.PropertyGetBraceStyle = NextLine
		$2.PropertySetBraceStyle = NextLine
		$2.EventBraceStyle = NextLine
		$2.EventAddBraceStyle = NextLine
		$2.EventRemoveBraceStyle = NextLine
		$2.StatementBraceStyle = NextLine
		$2.BeforeMethodDeclarationParentheses = False
		$2.BeforeMethodCallParentheses = False
		$2.BeforeConstructorDeclarationParentheses = False
		$2.BeforeIndexerDeclarationBracket = False
		$2.BeforeDelegateDeclarationParentheses = False
		$2.AfterDelegateDeclarationParameterComma = True
		$2.NewParentheses = False
		$2.SpacesBeforeBrackets = False
		$2.inheritsSet = Mono
		$2.inheritsScope = text/x-csharp
		$2.scope = text/x-csharp
		StartupItem = UvDebug\Desktop\UvDebug.Desktop.csproj
	EndGlobalSection
EndGlobal
