
Microsoft Visual Studio Solution File, Format Version 12.00
# Visual Studio Version 17
VisualStudioVersion = 17.3.32901.215
MinimumVisualStudioVersion = 10.0.40219.1
Project("{D954291E-2A0B-460D-934E-DC6B0785DB48}") = "Ultraviolet.Core", "Ultraviolet.Core\Shared\Ultraviolet.Core.shproj", "{803B586B-CBAC-4E46-A787-BDF837E1EF46}"
EndProject
Project("{9A19103F-16F7-4668-BE54-9A1E7A4F7556}") = "Ultraviolet.Core.NETStandard21", "Ultraviolet.Core\NETStandard21\Ultraviolet.Core.NETStandard21.csproj", "{5084F479-1233-477C-87D8-9DF47055DD80}"
EndProject
Project("{D954291E-2A0B-460D-934E-DC6B0785DB48}") = "Ultraviolet.Core.TestFramework", "Ultraviolet.Core.TestFramework\Shared\Ultraviolet.Core.TestFramework.shproj", "{C0EF7BA7-4F67-4063-84F7-8C04E4FCC632}"
EndProject
Project("{D954291E-2A0B-460D-934E-DC6B0785DB48}") = "Ultraviolet.Core.Tests", "Ultraviolet.Core.Tests\Shared\Ultraviolet.Core.Tests.shproj", "{073BB428-13A0-4812-BAAD-A18E7326CC52}"
EndProject
Project("{D954291E-2A0B-460D-934E-DC6B0785DB48}") = "Ultraviolet.OpenGL.Bindings", "Ultraviolet.OpenGL.Bindings\Shared\Ultraviolet.OpenGL.Bindings.shproj", "{F2660B00-B04A-4301-9DFB-226DD9D0798B}"
EndProject
Project("{9A19103F-16F7-4668-BE54-9A1E7A4F7556}") = "Ultraviolet.OpenGL.Bindings.NETStandard21", "Ultraviolet.OpenGL.Bindings\NETStandard21\Ultraviolet.OpenGL.Bindings.NETStandard21.csproj", "{083EBC74-51BE-46E4-981F-09F5384EA856}"
EndProject
Project("{D954291E-2A0B-460D-934E-DC6B0785DB48}") = "Ultraviolet", "Ultraviolet\Shared\Ultraviolet.shproj", "{979EFFAE-5CDF-4CA8-90D0-E3DBF091DE0A}"
EndProject
Project("{9A19103F-16F7-4668-BE54-9A1E7A4F7556}") = "Ultraviolet.NETStandard21", "Ultraviolet\NETStandard21\Ultraviolet.NETStandard21.csproj", "{60ECC362-96E4-4A54-B280-23CB5CDB6903}"
EndProject
Project("{D954291E-2A0B-460D-934E-DC6B0785DB48}") = "Ultraviolet.OpenGL", "Ultraviolet.OpenGL\Shared\Ultraviolet.OpenGL.shproj", "{F04E0C37-AFC2-4B85-90C7-9D77DCFD074C}"
EndProject
Project("{D954291E-2A0B-460D-934E-DC6B0785DB48}") = "Ultraviolet.SDL2", "Ultraviolet.SDL2\Shared\Ultraviolet.SDL2.shproj", "{97309779-3045-4D98-8DE0-5F40A8DC1C5B}"
EndProject
Project("{9A19103F-16F7-4668-BE54-9A1E7A4F7556}") = "Ultraviolet.SDL2.NETStandard21", "Ultraviolet.SDL2\NETStandard21\Ultraviolet.SDL2.NETStandard21.csproj", "{4EFF1892-2CDF-45A4-8BB0-61CEC0875963}"
EndProject
Project("{9A19103F-16F7-4668-BE54-9A1E7A4F7556}") = "Ultraviolet.OpenGL.NETStandard21", "Ultraviolet.OpenGL\NETStandard21\Ultraviolet.OpenGL.NETStandard21.csproj", "{2102C259-B359-465F-93DC-3A317FF09762}"
EndProject
Project("{9A19103F-16F7-4668-BE54-9A1E7A4F7556}") = "Ultraviolet.Shims.NETCore3", "Ultraviolet.Shims.NETCore3\Ultraviolet.Shims.NETCore3.csproj", "{6DE9B8AD-3CBD-499B-9A17-5DB198B7E6B1}"
EndProject
Project("{D954291E-2A0B-460D-934E-DC6B0785DB48}") = "Ultraviolet.FreeType2", "Ultraviolet.FreeType2\Shared\Ultraviolet.FreeType2.shproj", "{9C6D1468-B7A7-4FB9-B7EF-088803A62B89}"
EndProject
Project("{9A19103F-16F7-4668-BE54-9A1E7A4F7556}") = "Ultraviolet.FreeType2.NETStandard21", "Ultraviolet.FreeType2\NETStandard21\Ultraviolet.FreeType2.NETStandard21.csproj", "{9E47B77D-B108-4954-B441-2569FA888041}"
EndProject
Project("{D954291E-2A0B-460D-934E-DC6B0785DB48}") = "Ultraviolet.Presentation", "Ultraviolet.Presentation\Shared\Ultraviolet.Presentation.shproj", "{4E921721-BE4A-4F69-BEE4-61E8A18E0774}"
EndProject
Project("{9A19103F-16F7-4668-BE54-9A1E7A4F7556}") = "Ultraviolet.Presentation.NETStandard21", "Ultraviolet.Presentation\NETStandard21\Ultraviolet.Presentation.NETStandard21.csproj", "{73860779-6975-440D-9F01-DCE0FBA2F703}"
EndProject
Project("{D954291E-2A0B-460D-934E-DC6B0785DB48}") = "Ultraviolet.BASS", "Ultraviolet.BASS\Shared\Ultraviolet.BASS.shproj", "{62E8C883-B858-4FCC-82EC-C313FEFBAD34}"
EndProject
Project("{9A19103F-16F7-4668-BE54-9A1E7A4F7556}") = "Ultraviolet.BASS.NETStandard21", "Ultraviolet.BASS\NETStandard21\Ultraviolet.BASS.NETStandard21.csproj", "{69ADB61D-C5B5-4E5E-82D6-8AFD9216D28E}"
EndProject
Project("{D954291E-2A0B-460D-934E-DC6B0785DB48}") = "Ultraviolet.Presentation.Compiler", "Ultraviolet.Presentation.Compiler\Shared\Ultraviolet.Presentation.Compiler.shproj", "{D27AB499-F06F-47EA-8645-285CF2315EC2}"
EndProject
Project("{9A19103F-16F7-4668-BE54-9A1E7A4F7556}") = "Ultraviolet.Presentation.Compiler.NETStandard21", "Ultraviolet.Presentation.Compiler\NETStandard21\Ultraviolet.Presentation.Compiler.NETStandard21.csproj", "{6D4EB5C2-1427-4BBD-8679-F1D01F3675F9}"
EndProject
Project("{D954291E-2A0B-460D-934E-DC6B0785DB48}") = "Ultraviolet.FMOD", "Ultraviolet.FMOD\Shared\Ultraviolet.FMOD.shproj", "{F6FE0208-9CA4-41C6-88A2-BBF5B25B3977}"
EndProject
Project("{9A19103F-16F7-4668-BE54-9A1E7A4F7556}") = "Ultraviolet.FMOD.NETStandard21", "Ultraviolet.FMOD\NETStandard21\Ultraviolet.FMOD.NETStandard21.csproj", "{2D9F99FD-93EE-4D9E-8EC9-718E6C67595E}"
EndProject
Project("{D954291E-2A0B-460D-934E-DC6B0785DB48}") = "Ultraviolet.ImGuiViewProvider.Bindings", "Ultraviolet.ImGuiViewProvider.Bindings\Shared\Ultraviolet.ImGuiViewProvider.Bindings.shproj", "{11742F76-15D2-47B2-A36D-81C9F5699E81}"
EndProject
Project("{9A19103F-16F7-4668-BE54-9A1E7A4F7556}") = "Ultraviolet.ImGuiViewProvider.Bindings.NETStandard21", "Ultraviolet.ImGuiViewProvider.Bindings\NETStandard21\Ultraviolet.ImGuiViewProvider.Bindings.NETStandard21.csproj", "{2C86EC33-C71F-4369-940D-F9FDB69EB165}"
EndProject
Project("{D954291E-2A0B-460D-934E-DC6B0785DB48}") = "Ultraviolet.ImGuiViewProvider", "Ultraviolet.ImGuiViewProvider\Shared\Ultraviolet.ImGuiViewProvider.shproj", "{76FFE46F-869E-4BDE-8122-CEB21B7FF07F}"
EndProject
Project("{9A19103F-16F7-4668-BE54-9A1E7A4F7556}") = "Ultraviolet.ImGuiViewProvider.NETStandard21", "Ultraviolet.ImGuiViewProvider\NETStandard21\Ultraviolet.ImGuiViewProvider.NETStandard21.csproj", "{195EAE48-23A4-47CD-84F8-6FDC61FAA236}"
EndProject
Project("{D954291E-2A0B-460D-934E-DC6B0785DB48}") = "UvDebug", "UvDebug\Shared\UvDebug.shproj", "{41B16059-BFE0-4704-8EEE-44339B3834C5}"
EndProject
Project("{9A19103F-16F7-4668-BE54-9A1E7A4F7556}") = "UvDebug.NETCore3", "UvDebug\NETCore3\UvDebug.NETCore3.csproj", "{0A52123E-EFA1-4A86-8223-FB7B807C162A}"
EndProject
Project("{D954291E-2A0B-460D-934E-DC6B0785DB48}") = "Ultraviolet.Tests.Content", "Ultraviolet.Tests.Content\Ultraviolet.Tests.Content.shproj", "{0E2B1BC3-D1C3-4626-8AA3-37BF3039E43F}"
EndProject
Project("{9A19103F-16F7-4668-BE54-9A1E7A4F7556}") = "Ultraviolet.Core.TestFramework.NETCore3", "Ultraviolet.Core.TestFramework\NETCore3\Ultraviolet.Core.TestFramework.NETCore3.csproj", "{0C80B5C4-C509-4A14-93A0-6C2835F55B17}"
EndProject
Project("{9A19103F-16F7-4668-BE54-9A1E7A4F7556}") = "Ultraviolet.Core.Tests.NETCore3", "Ultraviolet.Core.Tests\NETCore3\Ultraviolet.Core.Tests.NETCore3.csproj", "{AAD0995C-4ADD-47C7-97EC-F60C47327C87}"
EndProject
Project("{9A19103F-16F7-4668-BE54-9A1E7A4F7556}") = "UvNativeCodeGen", "UvNativeCodeGen\UvNativeCodeGen.csproj", "{88E9A1B4-A4DA-4988-B3FD-E49A1360ABF6}"
EndProject
Project("{D954291E-2A0B-460D-934E-DC6B0785DB48}") = "Ultraviolet.OpenGL.Environment", "Ultraviolet.OpenGL.Environment\Shared\Ultraviolet.OpenGL.Environment.shproj", "{D42BE942-2F5C-4143-BFC7-A5E0D60EB12E}"
EndProject
Project("{9A19103F-16F7-4668-BE54-9A1E7A4F7556}") = "Ultraviolet.OpenGL.Environment.NETStandard21", "Ultraviolet.OpenGL.Environment\NETStandard21\Ultraviolet.OpenGL.Environment.NETStandard21.csproj", "{EE29FED4-F3FC-4DED-9550-C0BC5467C1F3}"
EndProject
Project("{9A19103F-16F7-4668-BE54-9A1E7A4F7556}") = "StbImageSharp", "StbImageSharp\StbImageSharp.csproj", "{F4F0CD0A-FAC3-4B78-A666-0063FEE4CDF8}"
EndProject
Project("{9A19103F-16F7-4668-BE54-9A1E7A4F7556}") = "StbImageWriteSharp", "StbImageWriteSharp\StbImageWriteSharp.csproj", "{46E23B86-4A81-46B1-B273-C92A3C12D9DF}"
EndProject
Project("{9A19103F-16F7-4668-BE54-9A1E7A4F7556}") = "UvFont", "UvFont\UvFont.csproj", "{AAA9876D-B616-442C-B0D9-AE3786359680}"
EndProject
Project("{9A19103F-16F7-4668-BE54-9A1E7A4F7556}") = "UvAssetList", "UvAssetList\UvAssetList.csproj", "{40561B18-2D11-49AF-AD0B-11C1173F294B}"
EndProject
Project("{9A19103F-16F7-4668-BE54-9A1E7A4F7556}") = "UvArchive", "UvArchive\UvArchive.csproj", "{E6FF38EE-127B-4474-83B5-BD90932FB4AB}"
EndProject
Project("{9A19103F-16F7-4668-BE54-9A1E7A4F7556}") = "Ultraviolet.Tooling", "Ultraviolet.Tooling\Ultraviolet.Tooling.csproj", "{3257DB8E-5B61-4D26-A3EC-D84C5FA8F6A5}"
EndProject
Project("{9A19103F-16F7-4668-BE54-9A1E7A4F7556}") = "Ultraviolet.Windows.Forms", "Ultraviolet.Windows.Forms\Ultraviolet.Windows.Forms.csproj", "{8C25AE7C-F893-4ABF-9C02-33A0D5B71600}"
EndProject
Project("{9A19103F-16F7-4668-BE54-9A1E7A4F7556}") = "Ultraviolet.Tests", "Ultraviolet.Tests\Ultraviolet.Tests.csproj", "{C435FD6F-7B55-476D-AF9F-41B820A5CDCB}"
EndProject
Project("{9A19103F-16F7-4668-BE54-9A1E7A4F7556}") = "Ultraviolet.TestFramework", "Ultraviolet.TestFramework\Ultraviolet.TestFramework.csproj", "{3CCE9841-0A62-4265-A5FF-DBD13990D695}"
EndProject
Project("{9A19103F-16F7-4668-BE54-9A1E7A4F7556}") = "Ultraviolet.TestApplication", "Ultraviolet.TestApplication\Ultraviolet.TestApplication.csproj", "{942FFAF4-2AA1-4EB5-AD36-E51F3706EB52}"
EndProject
Project("{9A19103F-16F7-4668-BE54-9A1E7A4F7556}") = "Ultraviolet.Presentation.Uvss.Tests", "Ultraviolet.Presentation.Uvss.Tests\Ultraviolet.Presentation.Uvss.Tests.csproj", "{142CAD9E-D98F-4E57-9CA8-C0B829A62B7B}"
EndProject
Project("{9A19103F-16F7-4668-BE54-9A1E7A4F7556}") = "Ultraviolet.Presentation.Uvss.TestFramework", "Ultraviolet.Presentation.Uvss.TestFramework\Ultraviolet.Presentation.Uvss.TestFramework.csproj", "{18D45BD6-0616-4119-AC18-EB4DFE454E9F}"
EndProject
Project("{9A19103F-16F7-4668-BE54-9A1E7A4F7556}") = "Ultraviolet.Presentation.Uvss", "Ultraviolet.Presentation.Uvss\Ultraviolet.Presentation.Uvss.csproj", "{2B713308-D7B8-4258-8614-B62464054350}"
EndProject
Project("{9A19103F-16F7-4668-BE54-9A1E7A4F7556}") = "Ultraviolet.Presentation.Tests.ViewModels", "Ultraviolet.Presentation.Tests.ViewModels\Ultraviolet.Presentation.Tests.ViewModels.csproj", "{93CDD635-41A6-488C-82CF-FB4DD0977D6C}"
EndProject
Project("{9A19103F-16F7-4668-BE54-9A1E7A4F7556}") = "Ultraviolet.Presentation.Tests", "Ultraviolet.Presentation.Tests\Ultraviolet.Presentation.Tests.csproj", "{7D7FD455-39A6-4C33-93B1-F68852F2D602}"
EndProject
Global
	GlobalSection(SolutionConfigurationPlatforms) = preSolution
		Debug|Any CPU = Debug|Any CPU
		Release|Any CPU = Release|Any CPU
	EndGlobalSection
	GlobalSection(ProjectConfigurationPlatforms) = postSolution
		{5084F479-1233-477C-87D8-9DF47055DD80}.Debug|Any CPU.ActiveCfg = Debug|Any CPU
		{5084F479-1233-477C-87D8-9DF47055DD80}.Debug|Any CPU.Build.0 = Debug|Any CPU
		{5084F479-1233-477C-87D8-9DF47055DD80}.Release|Any CPU.ActiveCfg = Release|Any CPU
		{5084F479-1233-477C-87D8-9DF47055DD80}.Release|Any CPU.Build.0 = Release|Any CPU
		{083EBC74-51BE-46E4-981F-09F5384EA856}.Debug|Any CPU.ActiveCfg = Debug|Any CPU
		{083EBC74-51BE-46E4-981F-09F5384EA856}.Debug|Any CPU.Build.0 = Debug|Any CPU
		{083EBC74-51BE-46E4-981F-09F5384EA856}.Release|Any CPU.ActiveCfg = Release|Any CPU
		{083EBC74-51BE-46E4-981F-09F5384EA856}.Release|Any CPU.Build.0 = Release|Any CPU
		{60ECC362-96E4-4A54-B280-23CB5CDB6903}.Debug|Any CPU.ActiveCfg = Debug|Any CPU
		{60ECC362-96E4-4A54-B280-23CB5CDB6903}.Debug|Any CPU.Build.0 = Debug|Any CPU
		{60ECC362-96E4-4A54-B280-23CB5CDB6903}.Release|Any CPU.ActiveCfg = Release|Any CPU
		{60ECC362-96E4-4A54-B280-23CB5CDB6903}.Release|Any CPU.Build.0 = Release|Any CPU
		{4EFF1892-2CDF-45A4-8BB0-61CEC0875963}.Debug|Any CPU.ActiveCfg = Debug|Any CPU
		{4EFF1892-2CDF-45A4-8BB0-61CEC0875963}.Debug|Any CPU.Build.0 = Debug|Any CPU
		{4EFF1892-2CDF-45A4-8BB0-61CEC0875963}.Release|Any CPU.ActiveCfg = Release|Any CPU
		{4EFF1892-2CDF-45A4-8BB0-61CEC0875963}.Release|Any CPU.Build.0 = Release|Any CPU
		{2102C259-B359-465F-93DC-3A317FF09762}.Debug|Any CPU.ActiveCfg = Debug|Any CPU
		{2102C259-B359-465F-93DC-3A317FF09762}.Debug|Any CPU.Build.0 = Debug|Any CPU
		{2102C259-B359-465F-93DC-3A317FF09762}.Release|Any CPU.ActiveCfg = Release|Any CPU
		{2102C259-B359-465F-93DC-3A317FF09762}.Release|Any CPU.Build.0 = Release|Any CPU
		{6DE9B8AD-3CBD-499B-9A17-5DB198B7E6B1}.Debug|Any CPU.ActiveCfg = Debug|Any CPU
		{6DE9B8AD-3CBD-499B-9A17-5DB198B7E6B1}.Debug|Any CPU.Build.0 = Debug|Any CPU
		{6DE9B8AD-3CBD-499B-9A17-5DB198B7E6B1}.Release|Any CPU.ActiveCfg = Release|Any CPU
		{6DE9B8AD-3CBD-499B-9A17-5DB198B7E6B1}.Release|Any CPU.Build.0 = Release|Any CPU
		{9E47B77D-B108-4954-B441-2569FA888041}.Debug|Any CPU.ActiveCfg = Debug|Any CPU
		{9E47B77D-B108-4954-B441-2569FA888041}.Debug|Any CPU.Build.0 = Debug|Any CPU
		{9E47B77D-B108-4954-B441-2569FA888041}.Release|Any CPU.ActiveCfg = Release|Any CPU
		{9E47B77D-B108-4954-B441-2569FA888041}.Release|Any CPU.Build.0 = Release|Any CPU
		{73860779-6975-440D-9F01-DCE0FBA2F703}.Debug|Any CPU.ActiveCfg = Debug|Any CPU
		{73860779-6975-440D-9F01-DCE0FBA2F703}.Debug|Any CPU.Build.0 = Debug|Any CPU
		{73860779-6975-440D-9F01-DCE0FBA2F703}.Release|Any CPU.ActiveCfg = Release|Any CPU
		{73860779-6975-440D-9F01-DCE0FBA2F703}.Release|Any CPU.Build.0 = Release|Any CPU
		{69ADB61D-C5B5-4E5E-82D6-8AFD9216D28E}.Debug|Any CPU.ActiveCfg = Debug|Any CPU
		{69ADB61D-C5B5-4E5E-82D6-8AFD9216D28E}.Debug|Any CPU.Build.0 = Debug|Any CPU
		{69ADB61D-C5B5-4E5E-82D6-8AFD9216D28E}.Release|Any CPU.ActiveCfg = Release|Any CPU
		{69ADB61D-C5B5-4E5E-82D6-8AFD9216D28E}.Release|Any CPU.Build.0 = Release|Any CPU
		{6D4EB5C2-1427-4BBD-8679-F1D01F3675F9}.Debug|Any CPU.ActiveCfg = Debug|Any CPU
		{6D4EB5C2-1427-4BBD-8679-F1D01F3675F9}.Debug|Any CPU.Build.0 = Debug|Any CPU
		{6D4EB5C2-1427-4BBD-8679-F1D01F3675F9}.Release|Any CPU.ActiveCfg = Release|Any CPU
		{6D4EB5C2-1427-4BBD-8679-F1D01F3675F9}.Release|Any CPU.Build.0 = Release|Any CPU
		{2D9F99FD-93EE-4D9E-8EC9-718E6C67595E}.Debug|Any CPU.ActiveCfg = Debug|Any CPU
		{2D9F99FD-93EE-4D9E-8EC9-718E6C67595E}.Debug|Any CPU.Build.0 = Debug|Any CPU
		{2D9F99FD-93EE-4D9E-8EC9-718E6C67595E}.Release|Any CPU.ActiveCfg = Release|Any CPU
		{2D9F99FD-93EE-4D9E-8EC9-718E6C67595E}.Release|Any CPU.Build.0 = Release|Any CPU
		{2C86EC33-C71F-4369-940D-F9FDB69EB165}.Debug|Any CPU.ActiveCfg = Debug|Any CPU
		{2C86EC33-C71F-4369-940D-F9FDB69EB165}.Debug|Any CPU.Build.0 = Debug|Any CPU
		{2C86EC33-C71F-4369-940D-F9FDB69EB165}.Release|Any CPU.ActiveCfg = Release|Any CPU
		{2C86EC33-C71F-4369-940D-F9FDB69EB165}.Release|Any CPU.Build.0 = Release|Any CPU
		{195EAE48-23A4-47CD-84F8-6FDC61FAA236}.Debug|Any CPU.ActiveCfg = Debug|Any CPU
		{195EAE48-23A4-47CD-84F8-6FDC61FAA236}.Debug|Any CPU.Build.0 = Debug|Any CPU
		{195EAE48-23A4-47CD-84F8-6FDC61FAA236}.Release|Any CPU.ActiveCfg = Release|Any CPU
		{195EAE48-23A4-47CD-84F8-6FDC61FAA236}.Release|Any CPU.Build.0 = Release|Any CPU
		{0A52123E-EFA1-4A86-8223-FB7B807C162A}.Debug|Any CPU.ActiveCfg = Debug|Any CPU
		{0A52123E-EFA1-4A86-8223-FB7B807C162A}.Debug|Any CPU.Build.0 = Debug|Any CPU
		{0A52123E-EFA1-4A86-8223-FB7B807C162A}.Release|Any CPU.ActiveCfg = Release|Any CPU
		{0A52123E-EFA1-4A86-8223-FB7B807C162A}.Release|Any CPU.Build.0 = Release|Any CPU
		{0C80B5C4-C509-4A14-93A0-6C2835F55B17}.Debug|Any CPU.ActiveCfg = Debug|Any CPU
		{0C80B5C4-C509-4A14-93A0-6C2835F55B17}.Debug|Any CPU.Build.0 = Debug|Any CPU
		{0C80B5C4-C509-4A14-93A0-6C2835F55B17}.Release|Any CPU.ActiveCfg = Release|Any CPU
		{0C80B5C4-C509-4A14-93A0-6C2835F55B17}.Release|Any CPU.Build.0 = Release|Any CPU
		{AAD0995C-4ADD-47C7-97EC-F60C47327C87}.Debug|Any CPU.ActiveCfg = Debug|Any CPU
		{AAD0995C-4ADD-47C7-97EC-F60C47327C87}.Debug|Any CPU.Build.0 = Debug|Any CPU
		{AAD0995C-4ADD-47C7-97EC-F60C47327C87}.Release|Any CPU.ActiveCfg = Release|Any CPU
		{AAD0995C-4ADD-47C7-97EC-F60C47327C87}.Release|Any CPU.Build.0 = Release|Any CPU
		{88E9A1B4-A4DA-4988-B3FD-E49A1360ABF6}.Debug|Any CPU.ActiveCfg = Debug|Any CPU
		{88E9A1B4-A4DA-4988-B3FD-E49A1360ABF6}.Debug|Any CPU.Build.0 = Debug|Any CPU
		{88E9A1B4-A4DA-4988-B3FD-E49A1360ABF6}.Release|Any CPU.ActiveCfg = Release|Any CPU
		{88E9A1B4-A4DA-4988-B3FD-E49A1360ABF6}.Release|Any CPU.Build.0 = Release|Any CPU
		{EE29FED4-F3FC-4DED-9550-C0BC5467C1F3}.Debug|Any CPU.ActiveCfg = Debug|Any CPU
		{EE29FED4-F3FC-4DED-9550-C0BC5467C1F3}.Debug|Any CPU.Build.0 = Debug|Any CPU
		{EE29FED4-F3FC-4DED-9550-C0BC5467C1F3}.Release|Any CPU.ActiveCfg = Release|Any CPU
		{EE29FED4-F3FC-4DED-9550-C0BC5467C1F3}.Release|Any CPU.Build.0 = Release|Any CPU
		{F4F0CD0A-FAC3-4B78-A666-0063FEE4CDF8}.Debug|Any CPU.ActiveCfg = Debug|Any CPU
		{F4F0CD0A-FAC3-4B78-A666-0063FEE4CDF8}.Debug|Any CPU.Build.0 = Debug|Any CPU
		{F4F0CD0A-FAC3-4B78-A666-0063FEE4CDF8}.Release|Any CPU.ActiveCfg = Release|Any CPU
		{F4F0CD0A-FAC3-4B78-A666-0063FEE4CDF8}.Release|Any CPU.Build.0 = Release|Any CPU
		{46E23B86-4A81-46B1-B273-C92A3C12D9DF}.Debug|Any CPU.ActiveCfg = Debug|Any CPU
		{46E23B86-4A81-46B1-B273-C92A3C12D9DF}.Debug|Any CPU.Build.0 = Debug|Any CPU
		{46E23B86-4A81-46B1-B273-C92A3C12D9DF}.Release|Any CPU.ActiveCfg = Release|Any CPU
		{46E23B86-4A81-46B1-B273-C92A3C12D9DF}.Release|Any CPU.Build.0 = Release|Any CPU
		{AAA9876D-B616-442C-B0D9-AE3786359680}.Debug|Any CPU.ActiveCfg = Debug|Any CPU
		{AAA9876D-B616-442C-B0D9-AE3786359680}.Debug|Any CPU.Build.0 = Debug|Any CPU
		{AAA9876D-B616-442C-B0D9-AE3786359680}.Release|Any CPU.ActiveCfg = Release|Any CPU
		{AAA9876D-B616-442C-B0D9-AE3786359680}.Release|Any CPU.Build.0 = Release|Any CPU
		{40561B18-2D11-49AF-AD0B-11C1173F294B}.Debug|Any CPU.ActiveCfg = Debug|Any CPU
		{40561B18-2D11-49AF-AD0B-11C1173F294B}.Debug|Any CPU.Build.0 = Debug|Any CPU
		{40561B18-2D11-49AF-AD0B-11C1173F294B}.Release|Any CPU.ActiveCfg = Release|Any CPU
		{40561B18-2D11-49AF-AD0B-11C1173F294B}.Release|Any CPU.Build.0 = Release|Any CPU
		{E6FF38EE-127B-4474-83B5-BD90932FB4AB}.Debug|Any CPU.ActiveCfg = Debug|Any CPU
		{E6FF38EE-127B-4474-83B5-BD90932FB4AB}.Debug|Any CPU.Build.0 = Debug|Any CPU
		{E6FF38EE-127B-4474-83B5-BD90932FB4AB}.Release|Any CPU.ActiveCfg = Release|Any CPU
		{E6FF38EE-127B-4474-83B5-BD90932FB4AB}.Release|Any CPU.Build.0 = Release|Any CPU
		{3257DB8E-5B61-4D26-A3EC-D84C5FA8F6A5}.Debug|Any CPU.ActiveCfg = Debug|Any CPU
		{3257DB8E-5B61-4D26-A3EC-D84C5FA8F6A5}.Debug|Any CPU.Build.0 = Debug|Any CPU
		{3257DB8E-5B61-4D26-A3EC-D84C5FA8F6A5}.Release|Any CPU.ActiveCfg = Release|Any CPU
		{3257DB8E-5B61-4D26-A3EC-D84C5FA8F6A5}.Release|Any CPU.Build.0 = Release|Any CPU
		{8C25AE7C-F893-4ABF-9C02-33A0D5B71600}.Debug|Any CPU.ActiveCfg = Debug|Any CPU
		{8C25AE7C-F893-4ABF-9C02-33A0D5B71600}.Debug|Any CPU.Build.0 = Debug|Any CPU
		{8C25AE7C-F893-4ABF-9C02-33A0D5B71600}.Release|Any CPU.ActiveCfg = Release|Any CPU
		{8C25AE7C-F893-4ABF-9C02-33A0D5B71600}.Release|Any CPU.Build.0 = Release|Any CPU
		{C435FD6F-7B55-476D-AF9F-41B820A5CDCB}.Debug|Any CPU.ActiveCfg = Debug|Any CPU
		{C435FD6F-7B55-476D-AF9F-41B820A5CDCB}.Debug|Any CPU.Build.0 = Debug|Any CPU
		{C435FD6F-7B55-476D-AF9F-41B820A5CDCB}.Release|Any CPU.ActiveCfg = Release|Any CPU
		{C435FD6F-7B55-476D-AF9F-41B820A5CDCB}.Release|Any CPU.Build.0 = Release|Any CPU
		{3CCE9841-0A62-4265-A5FF-DBD13990D695}.Debug|Any CPU.ActiveCfg = Debug|Any CPU
		{3CCE9841-0A62-4265-A5FF-DBD13990D695}.Debug|Any CPU.Build.0 = Debug|Any CPU
		{3CCE9841-0A62-4265-A5FF-DBD13990D695}.Release|Any CPU.ActiveCfg = Release|Any CPU
		{3CCE9841-0A62-4265-A5FF-DBD13990D695}.Release|Any CPU.Build.0 = Release|Any CPU
		{942FFAF4-2AA1-4EB5-AD36-E51F3706EB52}.Debug|Any CPU.ActiveCfg = Debug|Any CPU
		{942FFAF4-2AA1-4EB5-AD36-E51F3706EB52}.Debug|Any CPU.Build.0 = Debug|Any CPU
		{942FFAF4-2AA1-4EB5-AD36-E51F3706EB52}.Release|Any CPU.ActiveCfg = Release|Any CPU
		{942FFAF4-2AA1-4EB5-AD36-E51F3706EB52}.Release|Any CPU.Build.0 = Release|Any CPU
		{142CAD9E-D98F-4E57-9CA8-C0B829A62B7B}.Debug|Any CPU.ActiveCfg = Debug|Any CPU
		{142CAD9E-D98F-4E57-9CA8-C0B829A62B7B}.Debug|Any CPU.Build.0 = Debug|Any CPU
		{142CAD9E-D98F-4E57-9CA8-C0B829A62B7B}.Release|Any CPU.ActiveCfg = Release|Any CPU
		{142CAD9E-D98F-4E57-9CA8-C0B829A62B7B}.Release|Any CPU.Build.0 = Release|Any CPU
		{18D45BD6-0616-4119-AC18-EB4DFE454E9F}.Debug|Any CPU.ActiveCfg = Debug|Any CPU
		{18D45BD6-0616-4119-AC18-EB4DFE454E9F}.Debug|Any CPU.Build.0 = Debug|Any CPU
		{18D45BD6-0616-4119-AC18-EB4DFE454E9F}.Release|Any CPU.ActiveCfg = Release|Any CPU
		{18D45BD6-0616-4119-AC18-EB4DFE454E9F}.Release|Any CPU.Build.0 = Release|Any CPU
		{2B713308-D7B8-4258-8614-B62464054350}.Debug|Any CPU.ActiveCfg = Debug|Any CPU
		{2B713308-D7B8-4258-8614-B62464054350}.Debug|Any CPU.Build.0 = Debug|Any CPU
		{2B713308-D7B8-4258-8614-B62464054350}.Release|Any CPU.ActiveCfg = Release|Any CPU
		{2B713308-D7B8-4258-8614-B62464054350}.Release|Any CPU.Build.0 = Release|Any CPU
		{93CDD635-41A6-488C-82CF-FB4DD0977D6C}.Debug|Any CPU.ActiveCfg = Debug|Any CPU
		{93CDD635-41A6-488C-82CF-FB4DD0977D6C}.Debug|Any CPU.Build.0 = Debug|Any CPU
		{93CDD635-41A6-488C-82CF-FB4DD0977D6C}.Release|Any CPU.ActiveCfg = Release|Any CPU
		{93CDD635-41A6-488C-82CF-FB4DD0977D6C}.Release|Any CPU.Build.0 = Release|Any CPU
		{7D7FD455-39A6-4C33-93B1-F68852F2D602}.Debug|Any CPU.ActiveCfg = Debug|Any CPU
		{7D7FD455-39A6-4C33-93B1-F68852F2D602}.Debug|Any CPU.Build.0 = Debug|Any CPU
		{7D7FD455-39A6-4C33-93B1-F68852F2D602}.Release|Any CPU.ActiveCfg = Release|Any CPU
		{7D7FD455-39A6-4C33-93B1-F68852F2D602}.Release|Any CPU.Build.0 = Release|Any CPU
	EndGlobalSection
	GlobalSection(SolutionProperties) = preSolution
		HideSolutionNode = FALSE
	EndGlobalSection
	GlobalSection(ExtensibilityGlobals) = postSolution
		SolutionGuid = {5692BF08-52C2-4A45-9DA9-F6B390321257}
	EndGlobalSection
	GlobalSection(SharedMSBuildProjectFiles) = preSolution
		Ultraviolet.Core.Tests\Shared\Ultraviolet.Core.Tests.projitems*{073bb428-13a0-4812-baad-a18e7326cc52}*SharedItemsImports = 13
		Ultraviolet.OpenGL.Bindings\Shared\Ultraviolet.OpenGL.Bindings.projitems*{083ebc74-51be-46e4-981f-09f5384ea856}*SharedItemsImports = 5
		UvDebug\Shared\UvDebug.projitems*{0a52123e-efa1-4a86-8223-fb7b807c162a}*SharedItemsImports = 5
		Ultraviolet.Core.TestFramework\Shared\Ultraviolet.Core.TestFramework.projitems*{0c80b5c4-c509-4a14-93a0-6c2835f55b17}*SharedItemsImports = 5
		Ultraviolet.Tests.Content\Ultraviolet.Tests.Content.projitems*{0e2b1bc3-d1c3-4626-8aa3-37bf3039e43f}*SharedItemsImports = 13
		Ultraviolet.ImGuiViewProvider.Bindings\Shared\Ultraviolet.ImGuiViewProvider.Bindings.projitems*{11742f76-15d2-47b2-a36d-81c9f5699e81}*SharedItemsImports = 13
		Ultraviolet.Presentation.Uvss.Tests\Ultraviolet.Presentation.Uvss.Tests.projitems*{142cad9e-d98f-4e57-9ca8-c0b829a62b7b}*SharedItemsImports = 5
		Ultraviolet.Presentation.Uvss.TestFramework\Ultraviolet.Presentation.Uvss.TestFramework.projitems*{18d45bd6-0616-4119-ac18-eb4dfe454e9f}*SharedItemsImports = 5
		Ultraviolet.ImGuiViewProvider\Shared\Ultraviolet.ImGuiViewProvider.projitems*{195eae48-23a4-47cd-84f8-6fdc61faa236}*SharedItemsImports = 5
		Ultraviolet.OpenGL\Shared\Ultraviolet.OpenGL.projitems*{2102c259-b359-465f-93dc-3a317ff09762}*SharedItemsImports = 5
		Ultraviolet.Presentation.Uvss\Ultraviolet.Presentation.Uvss.projitems*{2b713308-d7b8-4258-8614-b62464054350}*SharedItemsImports = 5
		Ultraviolet.ImGuiViewProvider.Bindings\Shared\Ultraviolet.ImGuiViewProvider.Bindings.projitems*{2c86ec33-c71f-4369-940d-f9fdb69eb165}*SharedItemsImports = 5
		Ultraviolet.FMOD\Shared\Ultraviolet.FMOD.projitems*{2d9f99fd-93ee-4d9e-8ec9-718e6c67595e}*SharedItemsImports = 5
		Ultraviolet.Tooling\Ultraviolet.Tooling.projitems*{3257db8e-5b61-4d26-a3ec-d84c5fa8f6a5}*SharedItemsImports = 5
		Ultraviolet.TestFramework\Ultraviolet.TestFramework.projitems*{3cce9841-0a62-4265-a5ff-dbd13990d695}*SharedItemsImports = 5
		UvAssetList\UvAssetList.projitems*{40561b18-2d11-49af-ad0b-11c1173f294b}*SharedItemsImports = 5
		UvDebug\Shared\UvDebug.projitems*{41b16059-bfe0-4704-8eee-44339b3834c5}*SharedItemsImports = 13
		Ultraviolet.Presentation\Shared\Ultraviolet.Presentation.projitems*{4e921721-be4a-4f69-bee4-61e8a18e0774}*SharedItemsImports = 13
		Ultraviolet.SDL2\Shared\Ultraviolet.SDL2.projitems*{4eff1892-2cdf-45a4-8bb0-61cec0875963}*SharedItemsImports = 5
		Ultraviolet.Core\Shared\Ultraviolet.Core.projitems*{5084f479-1233-477c-87d8-9df47055dd80}*SharedItemsImports = 5
		Ultraviolet\Shared\Ultraviolet.projitems*{60ecc362-96e4-4a54-b280-23cb5cdb6903}*SharedItemsImports = 5
		Ultraviolet.BASS\Shared\Ultraviolet.BASS.projitems*{62e8c883-b858-4fcc-82ec-c313fefbad34}*SharedItemsImports = 13
		Ultraviolet.BASS\Shared\Ultraviolet.BASS.projitems*{69adb61d-c5b5-4e5e-82d6-8afd9216d28e}*SharedItemsImports = 5
		Ultraviolet.Presentation.Compiler\Shared\Ultraviolet.Presentation.Compiler.projitems*{6d4eb5c2-1427-4bbd-8679-f1d01f3675f9}*SharedItemsImports = 5
		Ultraviolet.Presentation\Shared\Ultraviolet.Presentation.projitems*{73860779-6975-440d-9f01-dce0fba2f703}*SharedItemsImports = 5
		Ultraviolet.ImGuiViewProvider\Shared\Ultraviolet.ImGuiViewProvider.projitems*{76ffe46f-869e-4bde-8122-ceb21b7ff07f}*SharedItemsImports = 13
		Ultraviolet.Presentation.Tests\Ultraviolet.Presentation.Tests.projitems*{7d7fd455-39a6-4c33-93b1-f68852f2d602}*SharedItemsImports = 5
		Ultraviolet.Tests.Content\Ultraviolet.Tests.Content.projitems*{7d7fd455-39a6-4c33-93b1-f68852f2d602}*SharedItemsImports = 5
		Ultraviolet.Core\Shared\Ultraviolet.Core.projitems*{803b586b-cbac-4e46-a787-bdf837e1ef46}*SharedItemsImports = 13
		Ultraviolet.Windows.Forms\Ultraviolet.Windows.Forms.projitems*{8c25ae7c-f893-4abf-9c02-33a0d5b71600}*SharedItemsImports = 5
		Ultraviolet.Presentation.Tests.ViewModels\Ultraviolet.Presentation.Tests.ViewModels.projitems*{93cdd635-41a6-488c-82cf-fb4dd0977d6c}*SharedItemsImports = 5
		Ultraviolet.TestApplication\Ultraviolet.TestApplication.projitems*{942ffaf4-2aa1-4eb5-ad36-e51f3706eb52}*SharedItemsImports = 5
		Ultraviolet.SDL2\Shared\Ultraviolet.SDL2.projitems*{97309779-3045-4d98-8de0-5f40a8dc1c5b}*SharedItemsImports = 13
		Ultraviolet\Shared\Ultraviolet.projitems*{979effae-5cdf-4ca8-90d0-e3dbf091de0a}*SharedItemsImports = 13
		Ultraviolet.FreeType2\Shared\Ultraviolet.FreeType2.projitems*{9c6d1468-b7a7-4fb9-b7ef-088803a62b89}*SharedItemsImports = 13
		Ultraviolet.FreeType2\Shared\Ultraviolet.FreeType2.projitems*{9e47b77d-b108-4954-b441-2569fa888041}*SharedItemsImports = 5
		UvFont\UvFont.projitems*{aaa9876d-b616-442c-b0d9-ae3786359680}*SharedItemsImports = 5
		Ultraviolet.Core.Tests\Shared\Ultraviolet.Core.Tests.projitems*{aad0995c-4add-47c7-97ec-f60c47327c87}*SharedItemsImports = 5
		Ultraviolet.Core.TestFramework\Shared\Ultraviolet.Core.TestFramework.projitems*{c0ef7ba7-4f67-4063-84f7-8c04e4fcc632}*SharedItemsImports = 13
		Ultraviolet.Tests.Content\Ultraviolet.Tests.Content.projitems*{c435fd6f-7b55-476d-af9f-41b820a5cdcb}*SharedItemsImports = 5
		Ultraviolet.Tests\Ultraviolet.Tests.projitems*{c435fd6f-7b55-476d-af9f-41b820a5cdcb}*SharedItemsImports = 5
		Ultraviolet.Presentation.Compiler\Shared\Ultraviolet.Presentation.Compiler.projitems*{d27ab499-f06f-47ea-8645-285cf2315ec2}*SharedItemsImports = 13
		Ultraviolet.OpenGL.Environment\Shared\Ultraviolet.OpenGL.Environment.projitems*{d42be942-2f5c-4143-bfc7-a5e0d60eb12e}*SharedItemsImports = 13
		UvArchive\UvArchive.projitems*{e6ff38ee-127b-4474-83b5-bd90932fb4ab}*SharedItemsImports = 5
		Ultraviolet.OpenGL.Environment\Shared\Ultraviolet.OpenGL.Environment.projitems*{ee29fed4-f3fc-4ded-9550-c0bc5467c1f3}*SharedItemsImports = 5
		Ultraviolet.OpenGL\Shared\Ultraviolet.OpenGL.projitems*{f04e0c37-afc2-4b85-90c7-9d77dcfd074c}*SharedItemsImports = 13
		Ultraviolet.OpenGL.Bindings\Shared\Ultraviolet.OpenGL.Bindings.projitems*{f2660b00-b04a-4301-9dfb-226dd9d0798b}*SharedItemsImports = 13
		Ultraviolet.FMOD\Shared\Ultraviolet.FMOD.projitems*{f6fe0208-9ca4-41c6-88a2-bbf5b25b3977}*SharedItemsImports = 13
	EndGlobalSection
	GlobalSection(Performance) = preSolution
		HasPerformanceSessions = true
	EndGlobalSection
	GlobalSection(MonoDevelopProperties) = preSolution
		Policies = $0
		$0.TextStylePolicy = $1
		$1.FileWidth = 120
		$1.EolMarker = Windows
		$1.inheritsSet = VisualStudio
		$1.inheritsScope = text/plain
		$1.scope = text/x-csharp
		$0.CSharpFormattingPolicy = $2
		$2.AnonymousMethodBraceStyle = NextLine
		$2.PropertyBraceStyle = NextLine
		$2.PropertyGetBraceStyle = NextLine
		$2.PropertySetBraceStyle = NextLine
		$2.EventBraceStyle = NextLine
		$2.EventAddBraceStyle = NextLine
		$2.EventRemoveBraceStyle = NextLine
		$2.StatementBraceStyle = NextLine
		$2.BeforeMethodDeclarationParentheses = False
		$2.BeforeMethodCallParentheses = False
		$2.BeforeConstructorDeclarationParentheses = False
		$2.BeforeIndexerDeclarationBracket = False
		$2.BeforeDelegateDeclarationParentheses = False
		$2.AfterDelegateDeclarationParameterComma = True
		$2.NewParentheses = False
		$2.SpacesBeforeBrackets = False
		$2.inheritsSet = Mono
		$2.inheritsScope = text/x-csharp
		$2.scope = text/x-csharp
		StartupItem = UvDebug\Desktop\UvDebug.Desktop.csproj
	EndGlobalSection
EndGlobal
