
Microsoft Visual Studio Solution File, Format Version 12.00
# Visual Studio Version 17
VisualStudioVersion = 17.3.32901.215
MinimumVisualStudioVersion = 10.0.40219.1
Project("{D954291E-2A0B-460D-934E-DC6B0785DB48}") = "Ultraviolet.Core", "Ultraviolet.Core\Shared\Ultraviolet.Core.shproj", "{803B586B-CBAC-4E46-A787-BDF837E1EF46}"
EndProject
Project("{9A19103F-16F7-4668-BE54-9A1E7A4F7556}") = "Ultraviolet.Core.NETStandard21", "Ultraviolet.Core\NETStandard21\Ultraviolet.Core.NETStandard21.csproj", "{5084F479-1233-477C-87D8-9DF47055DD80}"
EndProject
Project("{D954291E-2A0B-460D-934E-DC6B0785DB48}") = "Ultraviolet.Core.TestFramework", "Ultraviolet.Core.TestFramework\Shared\Ultraviolet.Core.TestFramework.shproj", "{C0EF7BA7-4F67-4063-84F7-8C04E4FCC632}"
EndProject
Project("{D954291E-2A0B-460D-934E-DC6B0785DB48}") = "Ultraviolet.Core.Tests", "Ultraviolet.Core.Tests\Shared\Ultraviolet.Core.Tests.shproj", "{073BB428-13A0-4812-BAAD-A18E7326CC52}"
EndProject
Project("{D954291E-2A0B-460D-934E-DC6B0785DB48}") = "Ultraviolet", "Ultraviolet\Shared\Ultraviolet.shproj", "{979EFFAE-5CDF-4CA8-90D0-E3DBF091DE0A}"
EndProject
Project("{9A19103F-16F7-4668-BE54-9A1E7A4F7556}") = "Ultraviolet.NETStandard21", "Ultraviolet\NETStandard21\Ultraviolet.NETStandard21.csproj", "{60ECC362-96E4-4A54-B280-23CB5CDB6903}"
EndProject
Project("{9A19103F-16F7-4668-BE54-9A1E7A4F7556}") = "Ultraviolet.Shims.NETCore3", "Ultraviolet.Shims.NETCore3\Ultraviolet.Shims.NETCore3.csproj", "{6DE9B8AD-3CBD-499B-9A17-5DB198B7E6B1}"
EndProject
Project("{D954291E-2A0B-460D-934E-DC6B0785DB48}") = "Ultraviolet.BASS", "Ultraviolet.BASS\Shared\Ultraviolet.BASS.shproj", "{62E8C883-B858-4FCC-82EC-C313FEFBAD34}"
EndProject
Project("{9A19103F-16F7-4668-BE54-9A1E7A4F7556}") = "Ultraviolet.BASS.NETStandard21", "Ultraviolet.BASS\NETStandard21\Ultraviolet.BASS.NETStandard21.csproj", "{69ADB61D-C5B5-4E5E-82D6-8AFD9216D28E}"
EndProject
Project("{D954291E-2A0B-460D-934E-DC6B0785DB48}") = "UvDebug", "UvDebug\Shared\UvDebug.shproj", "{41B16059-BFE0-4704-8EEE-44339B3834C5}"
EndProject
Project("{9A19103F-16F7-4668-BE54-9A1E7A4F7556}") = "UvDebug.NETCore3", "UvDebug\NETCore3\UvDebug.NETCore3.csproj", "{0A52123E-EFA1-4A86-8223-FB7B807C162A}"
EndProject
Project("{D954291E-2A0B-460D-934E-DC6B0785DB48}") = "Ultraviolet.Tests.Content", "Ultraviolet.Tests.Content\Ultraviolet.Tests.Content.shproj", "{0E2B1BC3-D1C3-4626-8AA3-37BF3039E43F}"
EndProject
Project("{9A19103F-16F7-4668-BE54-9A1E7A4F7556}") = "Ultraviolet.Core.TestFramework.NETCore3", "Ultraviolet.Core.TestFramework\NETCore3\Ultraviolet.Core.TestFramework.NETCore3.csproj", "{23021A75-F17B-401F-9465-87B45796BAAB}"
EndProject
Project("{9A19103F-16F7-4668-BE54-9A1E7A4F7556}") = "Ultraviolet.Core.Tests.NETCore3", "Ultraviolet.Core.Tests\NETCore3\Ultraviolet.Core.Tests.NETCore3.csproj", "{9DABD102-2757-46A8-957F-27EFEF0A67FF}"
EndProject
Project("{9A19103F-16F7-4668-BE54-9A1E7A4F7556}") = "UvNativeCodeGen", "UvNativeCodeGen\UvNativeCodeGen.csproj", "{9478C868-C8DC-4693-8B87-E222DE17CEEE}"
EndProject
Project("{9A19103F-16F7-4668-BE54-9A1E7A4F7556}") = "StbImageSharp", "StbImageSharp\StbImageSharp.csproj", "{BC955159-83D2-484D-946A-71B5867FA833}"
EndProject
Project("{9A19103F-16F7-4668-BE54-9A1E7A4F7556}") = "StbImageWriteSharp", "StbImageWriteSharp\StbImageWriteSharp.csproj", "{E7BD2871-98F2-46F7-BD99-1A60A81F7B7D}"
EndProject
Project("{9A19103F-16F7-4668-BE54-9A1E7A4F7556}") = "UvFont", "UvFont\UvFont.csproj", "{E6F0C39B-3120-4FB4-BCE8-C373236F339E}"
EndProject
Project("{9A19103F-16F7-4668-BE54-9A1E7A4F7556}") = "UvAssetList", "UvAssetList\UvAssetList.csproj", "{11CDF456-A734-4DF6-9C01-953DF2765DA0}"
EndProject
Project("{9A19103F-16F7-4668-BE54-9A1E7A4F7556}") = "UvArchive", "UvArchive\UvArchive.csproj", "{7339C3A3-C1F4-434E-9F2B-D7477706D397}"
EndProject
Project("{9A19103F-16F7-4668-BE54-9A1E7A4F7556}") = "Ultraviolet.Tooling", "Ultraviolet.Tooling\Ultraviolet.Tooling.csproj", "{E4E1C0A0-FB91-4BBE-B35C-21D13411A866}"
EndProject
Project("{9A19103F-16F7-4668-BE54-9A1E7A4F7556}") = "Ultraviolet.Windows.Forms", "Ultraviolet.Windows.Forms\Ultraviolet.Windows.Forms.csproj", "{2334A133-A37C-448A-912D-3DC38CB1BF91}"
EndProject
Project("{9A19103F-16F7-4668-BE54-9A1E7A4F7556}") = "Ultraviolet.Tests", "Ultraviolet.Tests\Ultraviolet.Tests.csproj", "{20815AAC-D576-42C7-A9A3-9C8D6548690D}"
EndProject
Project("{9A19103F-16F7-4668-BE54-9A1E7A4F7556}") = "Ultraviolet.TestFramework", "Ultraviolet.TestFramework\Ultraviolet.TestFramework.csproj", "{619C6476-BBA7-4817-839B-18092490429E}"
EndProject
Project("{9A19103F-16F7-4668-BE54-9A1E7A4F7556}") = "Ultraviolet.TestApplication", "Ultraviolet.TestApplication\Ultraviolet.TestApplication.csproj", "{6306767C-23C4-49B4-87BF-D31F917CB358}"
EndProject
Project("{9A19103F-16F7-4668-BE54-9A1E7A4F7556}") = "Ultraviolet.Presentation.Uvss.Tests", "Ultraviolet.Presentation.Uvss.Tests\Ultraviolet.Presentation.Uvss.Tests.csproj", "{E5C4B5A3-BE45-49C3-968C-C37FBAB5530E}"
EndProject
Project("{9A19103F-16F7-4668-BE54-9A1E7A4F7556}") = "Ultraviolet.Presentation.Uvss.TestFramework", "Ultraviolet.Presentation.Uvss.TestFramework\Ultraviolet.Presentation.Uvss.TestFramework.csproj", "{F4151D58-18D3-4ECF-9ABE-53A1222D20D9}"
EndProject
Project("{9A19103F-16F7-4668-BE54-9A1E7A4F7556}") = "Ultraviolet.Presentation.Uvss", "Ultraviolet.Presentation.Uvss\Ultraviolet.Presentation.Uvss.csproj", "{5327FA1B-0FD6-4415-A9AF-C5F52A51BD07}"
EndProject
Project("{9A19103F-16F7-4668-BE54-9A1E7A4F7556}") = "Ultraviolet.Presentation.Tests.ViewModels", "Ultraviolet.Presentation.Tests.ViewModels\Ultraviolet.Presentation.Tests.ViewModels.csproj", "{5F6D4696-AAC8-47CC-8B92-FC8417A2B35C}"
EndProject
Project("{9A19103F-16F7-4668-BE54-9A1E7A4F7556}") = "Ultraviolet.Presentation.Tests", "Ultraviolet.Presentation.Tests\Ultraviolet.Presentation.Tests.csproj", "{55FAB4AA-5D3D-44DF-B9F9-773102AB74F6}"
EndProject
Project("{9A19103F-16F7-4668-BE54-9A1E7A4F7556}") = "Ultraviolet.Presentation.Compiler", "Ultraviolet.Presentation.Compiler\Ultraviolet.Presentation.Compiler.csproj", "{A012BFF4-C3B3-4E13-B3F0-9367BAF1F9D0}"
EndProject
Project("{9A19103F-16F7-4668-BE54-9A1E7A4F7556}") = "Ultraviolet.SDL2", "Ultraviolet.SDL2\Ultraviolet.SDL2.csproj", "{38681AF5-9DD4-4A9A-AA74-42A5797F8FA7}"
EndProject
Project("{9A19103F-16F7-4668-BE54-9A1E7A4F7556}") = "Ultraviolet.Presentation", "Ultraviolet.Presentation\Ultraviolet.Presentation.csproj", "{21E8873C-0B98-47DA-9079-BF004B914897}"
EndProject
Project("{9A19103F-16F7-4668-BE54-9A1E7A4F7556}") = "Ultraviolet.OpenGL", "Ultraviolet.OpenGL\Ultraviolet.OpenGL.csproj", "{8741BAAE-D281-4ACA-9C8C-5198FFA0FBE1}"
EndProject
Project("{9A19103F-16F7-4668-BE54-9A1E7A4F7556}") = "Ultraviolet.OpenGL.Bindings", "Ultraviolet.OpenGL.Bindings\Ultraviolet.OpenGL.Bindings.csproj", "{49666B6A-5A62-4F16-8B2D-E3B3FCBE20FF}"
EndProject
Project("{9A19103F-16F7-4668-BE54-9A1E7A4F7556}") = "Ultraviolet.OpenGL.Environment", "Ultraviolet.OpenGL.Environment\Ultraviolet.OpenGL.Environment.csproj", "{A1D2E51A-BDF8-4AEB-9E4F-708D47FDD5F0}"
EndProject
Project("{9A19103F-16F7-4668-BE54-9A1E7A4F7556}") = "Ultraviolet.ImGuiViewProvider", "Ultraviolet.ImGuiViewProvider\Ultraviolet.ImGuiViewProvider.csproj", "{95A02BBE-01A1-4148-BE7A-84BB087FC068}"
EndProject
Project("{9A19103F-16F7-4668-BE54-9A1E7A4F7556}") = "Ultraviolet.ImGuiViewProvider.Bindings", "Ultraviolet.ImGuiViewProvider.Bindings\Ultraviolet.ImGuiViewProvider.Bindings.csproj", "{E0DE5173-4548-425A-8E3A-A07E7BA2CF03}"
EndProject
Project("{9A19103F-16F7-4668-BE54-9A1E7A4F7556}") = "Ultraviolet.FreeType2", "Ultraviolet.FreeType2\Ultraviolet.FreeType2.csproj", "{59E353FF-5C72-4DE1-A8AF-0D4F9C5E16AC}"
EndProject
Project("{9A19103F-16F7-4668-BE54-9A1E7A4F7556}") = "Ultraviolet.FMOD", "Ultraviolet.FMOD\Ultraviolet.FMOD.csproj", "{63F9F38A-A9E4-43FE-A690-20D5790FAEE4}"
EndProject
Global
	GlobalSection(SolutionConfigurationPlatforms) = preSolution
		Debug|Any CPU = Debug|Any CPU
		Release|Any CPU = Release|Any CPU
	EndGlobalSection
	GlobalSection(ProjectConfigurationPlatforms) = postSolution
		{5084F479-1233-477C-87D8-9DF47055DD80}.Debug|Any CPU.ActiveCfg = Debug|Any CPU
		{5084F479-1233-477C-87D8-9DF47055DD80}.Debug|Any CPU.Build.0 = Debug|Any CPU
		{5084F479-1233-477C-87D8-9DF47055DD80}.Release|Any CPU.ActiveCfg = Release|Any CPU
		{5084F479-1233-477C-87D8-9DF47055DD80}.Release|Any CPU.Build.0 = Release|Any CPU
		{60ECC362-96E4-4A54-B280-23CB5CDB6903}.Debug|Any CPU.ActiveCfg = Debug|Any CPU
		{60ECC362-96E4-4A54-B280-23CB5CDB6903}.Debug|Any CPU.Build.0 = Debug|Any CPU
		{60ECC362-96E4-4A54-B280-23CB5CDB6903}.Release|Any CPU.ActiveCfg = Release|Any CPU
		{60ECC362-96E4-4A54-B280-23CB5CDB6903}.Release|Any CPU.Build.0 = Release|Any CPU
		{6DE9B8AD-3CBD-499B-9A17-5DB198B7E6B1}.Debug|Any CPU.ActiveCfg = Debug|Any CPU
		{6DE9B8AD-3CBD-499B-9A17-5DB198B7E6B1}.Debug|Any CPU.Build.0 = Debug|Any CPU
		{6DE9B8AD-3CBD-499B-9A17-5DB198B7E6B1}.Release|Any CPU.ActiveCfg = Release|Any CPU
		{6DE9B8AD-3CBD-499B-9A17-5DB198B7E6B1}.Release|Any CPU.Build.0 = Release|Any CPU
		{69ADB61D-C5B5-4E5E-82D6-8AFD9216D28E}.Debug|Any CPU.ActiveCfg = Debug|Any CPU
		{69ADB61D-C5B5-4E5E-82D6-8AFD9216D28E}.Debug|Any CPU.Build.0 = Debug|Any CPU
		{69ADB61D-C5B5-4E5E-82D6-8AFD9216D28E}.Release|Any CPU.ActiveCfg = Release|Any CPU
		{69ADB61D-C5B5-4E5E-82D6-8AFD9216D28E}.Release|Any CPU.Build.0 = Release|Any CPU
		{0A52123E-EFA1-4A86-8223-FB7B807C162A}.Debug|Any CPU.ActiveCfg = Debug|Any CPU
		{0A52123E-EFA1-4A86-8223-FB7B807C162A}.Debug|Any CPU.Build.0 = Debug|Any CPU
		{0A52123E-EFA1-4A86-8223-FB7B807C162A}.Release|Any CPU.ActiveCfg = Release|Any CPU
		{0A52123E-EFA1-4A86-8223-FB7B807C162A}.Release|Any CPU.Build.0 = Release|Any CPU
		{23021A75-F17B-401F-9465-87B45796BAAB}.Debug|Any CPU.ActiveCfg = Debug|Any CPU
		{23021A75-F17B-401F-9465-87B45796BAAB}.Debug|Any CPU.Build.0 = Debug|Any CPU
		{23021A75-F17B-401F-9465-87B45796BAAB}.Release|Any CPU.ActiveCfg = Release|Any CPU
		{23021A75-F17B-401F-9465-87B45796BAAB}.Release|Any CPU.Build.0 = Release|Any CPU
		{9DABD102-2757-46A8-957F-27EFEF0A67FF}.Debug|Any CPU.ActiveCfg = Debug|Any CPU
		{9DABD102-2757-46A8-957F-27EFEF0A67FF}.Debug|Any CPU.Build.0 = Debug|Any CPU
		{9DABD102-2757-46A8-957F-27EFEF0A67FF}.Release|Any CPU.ActiveCfg = Release|Any CPU
		{9DABD102-2757-46A8-957F-27EFEF0A67FF}.Release|Any CPU.Build.0 = Release|Any CPU
		{9478C868-C8DC-4693-8B87-E222DE17CEEE}.Debug|Any CPU.ActiveCfg = Debug|Any CPU
		{9478C868-C8DC-4693-8B87-E222DE17CEEE}.Debug|Any CPU.Build.0 = Debug|Any CPU
		{9478C868-C8DC-4693-8B87-E222DE17CEEE}.Release|Any CPU.ActiveCfg = Release|Any CPU
		{9478C868-C8DC-4693-8B87-E222DE17CEEE}.Release|Any CPU.Build.0 = Release|Any CPU
		{BC955159-83D2-484D-946A-71B5867FA833}.Debug|Any CPU.ActiveCfg = Debug|Any CPU
		{BC955159-83D2-484D-946A-71B5867FA833}.Debug|Any CPU.Build.0 = Debug|Any CPU
		{BC955159-83D2-484D-946A-71B5867FA833}.Release|Any CPU.ActiveCfg = Release|Any CPU
		{BC955159-83D2-484D-946A-71B5867FA833}.Release|Any CPU.Build.0 = Release|Any CPU
		{E7BD2871-98F2-46F7-BD99-1A60A81F7B7D}.Debug|Any CPU.ActiveCfg = Debug|Any CPU
		{E7BD2871-98F2-46F7-BD99-1A60A81F7B7D}.Debug|Any CPU.Build.0 = Debug|Any CPU
		{E7BD2871-98F2-46F7-BD99-1A60A81F7B7D}.Release|Any CPU.ActiveCfg = Release|Any CPU
		{E7BD2871-98F2-46F7-BD99-1A60A81F7B7D}.Release|Any CPU.Build.0 = Release|Any CPU
		{E6F0C39B-3120-4FB4-BCE8-C373236F339E}.Debug|Any CPU.ActiveCfg = Debug|Any CPU
		{E6F0C39B-3120-4FB4-BCE8-C373236F339E}.Debug|Any CPU.Build.0 = Debug|Any CPU
		{E6F0C39B-3120-4FB4-BCE8-C373236F339E}.Release|Any CPU.ActiveCfg = Release|Any CPU
		{E6F0C39B-3120-4FB4-BCE8-C373236F339E}.Release|Any CPU.Build.0 = Release|Any CPU
		{11CDF456-A734-4DF6-9C01-953DF2765DA0}.Debug|Any CPU.ActiveCfg = Debug|Any CPU
		{11CDF456-A734-4DF6-9C01-953DF2765DA0}.Debug|Any CPU.Build.0 = Debug|Any CPU
		{11CDF456-A734-4DF6-9C01-953DF2765DA0}.Release|Any CPU.ActiveCfg = Release|Any CPU
		{11CDF456-A734-4DF6-9C01-953DF2765DA0}.Release|Any CPU.Build.0 = Release|Any CPU
		{7339C3A3-C1F4-434E-9F2B-D7477706D397}.Debug|Any CPU.ActiveCfg = Debug|Any CPU
		{7339C3A3-C1F4-434E-9F2B-D7477706D397}.Debug|Any CPU.Build.0 = Debug|Any CPU
		{7339C3A3-C1F4-434E-9F2B-D7477706D397}.Release|Any CPU.ActiveCfg = Release|Any CPU
		{7339C3A3-C1F4-434E-9F2B-D7477706D397}.Release|Any CPU.Build.0 = Release|Any CPU
		{E4E1C0A0-FB91-4BBE-B35C-21D13411A866}.Debug|Any CPU.ActiveCfg = Debug|Any CPU
		{E4E1C0A0-FB91-4BBE-B35C-21D13411A866}.Debug|Any CPU.Build.0 = Debug|Any CPU
		{E4E1C0A0-FB91-4BBE-B35C-21D13411A866}.Release|Any CPU.ActiveCfg = Release|Any CPU
		{E4E1C0A0-FB91-4BBE-B35C-21D13411A866}.Release|Any CPU.Build.0 = Release|Any CPU
		{2334A133-A37C-448A-912D-3DC38CB1BF91}.Debug|Any CPU.ActiveCfg = Debug|Any CPU
		{2334A133-A37C-448A-912D-3DC38CB1BF91}.Debug|Any CPU.Build.0 = Debug|Any CPU
		{2334A133-A37C-448A-912D-3DC38CB1BF91}.Release|Any CPU.ActiveCfg = Release|Any CPU
		{2334A133-A37C-448A-912D-3DC38CB1BF91}.Release|Any CPU.Build.0 = Release|Any CPU
		{20815AAC-D576-42C7-A9A3-9C8D6548690D}.Debug|Any CPU.ActiveCfg = Debug|Any CPU
		{20815AAC-D576-42C7-A9A3-9C8D6548690D}.Debug|Any CPU.Build.0 = Debug|Any CPU
		{20815AAC-D576-42C7-A9A3-9C8D6548690D}.Release|Any CPU.ActiveCfg = Release|Any CPU
		{20815AAC-D576-42C7-A9A3-9C8D6548690D}.Release|Any CPU.Build.0 = Release|Any CPU
		{619C6476-BBA7-4817-839B-18092490429E}.Debug|Any CPU.ActiveCfg = Debug|Any CPU
		{619C6476-BBA7-4817-839B-18092490429E}.Debug|Any CPU.Build.0 = Debug|Any CPU
		{619C6476-BBA7-4817-839B-18092490429E}.Release|Any CPU.ActiveCfg = Release|Any CPU
		{619C6476-BBA7-4817-839B-18092490429E}.Release|Any CPU.Build.0 = Release|Any CPU
		{6306767C-23C4-49B4-87BF-D31F917CB358}.Debug|Any CPU.ActiveCfg = Debug|Any CPU
		{6306767C-23C4-49B4-87BF-D31F917CB358}.Debug|Any CPU.Build.0 = Debug|Any CPU
		{6306767C-23C4-49B4-87BF-D31F917CB358}.Release|Any CPU.ActiveCfg = Release|Any CPU
		{6306767C-23C4-49B4-87BF-D31F917CB358}.Release|Any CPU.Build.0 = Release|Any CPU
		{E5C4B5A3-BE45-49C3-968C-C37FBAB5530E}.Debug|Any CPU.ActiveCfg = Debug|Any CPU
		{E5C4B5A3-BE45-49C3-968C-C37FBAB5530E}.Debug|Any CPU.Build.0 = Debug|Any CPU
		{E5C4B5A3-BE45-49C3-968C-C37FBAB5530E}.Release|Any CPU.ActiveCfg = Release|Any CPU
		{E5C4B5A3-BE45-49C3-968C-C37FBAB5530E}.Release|Any CPU.Build.0 = Release|Any CPU
		{F4151D58-18D3-4ECF-9ABE-53A1222D20D9}.Debug|Any CPU.ActiveCfg = Debug|Any CPU
		{F4151D58-18D3-4ECF-9ABE-53A1222D20D9}.Debug|Any CPU.Build.0 = Debug|Any CPU
		{F4151D58-18D3-4ECF-9ABE-53A1222D20D9}.Release|Any CPU.ActiveCfg = Release|Any CPU
		{F4151D58-18D3-4ECF-9ABE-53A1222D20D9}.Release|Any CPU.Build.0 = Release|Any CPU
		{5327FA1B-0FD6-4415-A9AF-C5F52A51BD07}.Debug|Any CPU.ActiveCfg = Debug|Any CPU
		{5327FA1B-0FD6-4415-A9AF-C5F52A51BD07}.Debug|Any CPU.Build.0 = Debug|Any CPU
		{5327FA1B-0FD6-4415-A9AF-C5F52A51BD07}.Release|Any CPU.ActiveCfg = Release|Any CPU
		{5327FA1B-0FD6-4415-A9AF-C5F52A51BD07}.Release|Any CPU.Build.0 = Release|Any CPU
		{5F6D4696-AAC8-47CC-8B92-FC8417A2B35C}.Debug|Any CPU.ActiveCfg = Debug|Any CPU
		{5F6D4696-AAC8-47CC-8B92-FC8417A2B35C}.Debug|Any CPU.Build.0 = Debug|Any CPU
		{5F6D4696-AAC8-47CC-8B92-FC8417A2B35C}.Release|Any CPU.ActiveCfg = Release|Any CPU
		{5F6D4696-AAC8-47CC-8B92-FC8417A2B35C}.Release|Any CPU.Build.0 = Release|Any CPU
		{55FAB4AA-5D3D-44DF-B9F9-773102AB74F6}.Debug|Any CPU.ActiveCfg = Debug|Any CPU
		{55FAB4AA-5D3D-44DF-B9F9-773102AB74F6}.Debug|Any CPU.Build.0 = Debug|Any CPU
		{55FAB4AA-5D3D-44DF-B9F9-773102AB74F6}.Release|Any CPU.ActiveCfg = Release|Any CPU
		{55FAB4AA-5D3D-44DF-B9F9-773102AB74F6}.Release|Any CPU.Build.0 = Release|Any CPU
		{A012BFF4-C3B3-4E13-B3F0-9367BAF1F9D0}.Debug|Any CPU.ActiveCfg = Debug|Any CPU
		{A012BFF4-C3B3-4E13-B3F0-9367BAF1F9D0}.Debug|Any CPU.Build.0 = Debug|Any CPU
		{A012BFF4-C3B3-4E13-B3F0-9367BAF1F9D0}.Release|Any CPU.ActiveCfg = Release|Any CPU
		{A012BFF4-C3B3-4E13-B3F0-9367BAF1F9D0}.Release|Any CPU.Build.0 = Release|Any CPU
		{38681AF5-9DD4-4A9A-AA74-42A5797F8FA7}.Debug|Any CPU.ActiveCfg = Debug|Any CPU
		{38681AF5-9DD4-4A9A-AA74-42A5797F8FA7}.Debug|Any CPU.Build.0 = Debug|Any CPU
		{38681AF5-9DD4-4A9A-AA74-42A5797F8FA7}.Release|Any CPU.ActiveCfg = Release|Any CPU
		{38681AF5-9DD4-4A9A-AA74-42A5797F8FA7}.Release|Any CPU.Build.0 = Release|Any CPU
		{21E8873C-0B98-47DA-9079-BF004B914897}.Debug|Any CPU.ActiveCfg = Debug|Any CPU
		{21E8873C-0B98-47DA-9079-BF004B914897}.Debug|Any CPU.Build.0 = Debug|Any CPU
		{21E8873C-0B98-47DA-9079-BF004B914897}.Release|Any CPU.ActiveCfg = Release|Any CPU
		{21E8873C-0B98-47DA-9079-BF004B914897}.Release|Any CPU.Build.0 = Release|Any CPU
		{8741BAAE-D281-4ACA-9C8C-5198FFA0FBE1}.Debug|Any CPU.ActiveCfg = Debug|Any CPU
		{8741BAAE-D281-4ACA-9C8C-5198FFA0FBE1}.Debug|Any CPU.Build.0 = Debug|Any CPU
		{8741BAAE-D281-4ACA-9C8C-5198FFA0FBE1}.Release|Any CPU.ActiveCfg = Release|Any CPU
		{8741BAAE-D281-4ACA-9C8C-5198FFA0FBE1}.Release|Any CPU.Build.0 = Release|Any CPU
		{49666B6A-5A62-4F16-8B2D-E3B3FCBE20FF}.Debug|Any CPU.ActiveCfg = Debug|Any CPU
		{49666B6A-5A62-4F16-8B2D-E3B3FCBE20FF}.Debug|Any CPU.Build.0 = Debug|Any CPU
		{49666B6A-5A62-4F16-8B2D-E3B3FCBE20FF}.Release|Any CPU.ActiveCfg = Release|Any CPU
		{49666B6A-5A62-4F16-8B2D-E3B3FCBE20FF}.Release|Any CPU.Build.0 = Release|Any CPU
		{A1D2E51A-BDF8-4AEB-9E4F-708D47FDD5F0}.Debug|Any CPU.ActiveCfg = Debug|Any CPU
		{A1D2E51A-BDF8-4AEB-9E4F-708D47FDD5F0}.Debug|Any CPU.Build.0 = Debug|Any CPU
		{A1D2E51A-BDF8-4AEB-9E4F-708D47FDD5F0}.Release|Any CPU.ActiveCfg = Release|Any CPU
		{A1D2E51A-BDF8-4AEB-9E4F-708D47FDD5F0}.Release|Any CPU.Build.0 = Release|Any CPU
		{95A02BBE-01A1-4148-BE7A-84BB087FC068}.Debug|Any CPU.ActiveCfg = Debug|Any CPU
		{95A02BBE-01A1-4148-BE7A-84BB087FC068}.Debug|Any CPU.Build.0 = Debug|Any CPU
		{95A02BBE-01A1-4148-BE7A-84BB087FC068}.Release|Any CPU.ActiveCfg = Release|Any CPU
		{95A02BBE-01A1-4148-BE7A-84BB087FC068}.Release|Any CPU.Build.0 = Release|Any CPU
		{E0DE5173-4548-425A-8E3A-A07E7BA2CF03}.Debug|Any CPU.ActiveCfg = Debug|Any CPU
		{E0DE5173-4548-425A-8E3A-A07E7BA2CF03}.Debug|Any CPU.Build.0 = Debug|Any CPU
		{E0DE5173-4548-425A-8E3A-A07E7BA2CF03}.Release|Any CPU.ActiveCfg = Release|Any CPU
		{E0DE5173-4548-425A-8E3A-A07E7BA2CF03}.Release|Any CPU.Build.0 = Release|Any CPU
		{59E353FF-5C72-4DE1-A8AF-0D4F9C5E16AC}.Debug|Any CPU.ActiveCfg = Debug|Any CPU
		{59E353FF-5C72-4DE1-A8AF-0D4F9C5E16AC}.Debug|Any CPU.Build.0 = Debug|Any CPU
		{59E353FF-5C72-4DE1-A8AF-0D4F9C5E16AC}.Release|Any CPU.ActiveCfg = Release|Any CPU
		{59E353FF-5C72-4DE1-A8AF-0D4F9C5E16AC}.Release|Any CPU.Build.0 = Release|Any CPU
		{63F9F38A-A9E4-43FE-A690-20D5790FAEE4}.Debug|Any CPU.ActiveCfg = Debug|Any CPU
		{63F9F38A-A9E4-43FE-A690-20D5790FAEE4}.Debug|Any CPU.Build.0 = Debug|Any CPU
		{63F9F38A-A9E4-43FE-A690-20D5790FAEE4}.Release|Any CPU.ActiveCfg = Release|Any CPU
		{63F9F38A-A9E4-43FE-A690-20D5790FAEE4}.Release|Any CPU.Build.0 = Release|Any CPU
	EndGlobalSection
	GlobalSection(SolutionProperties) = preSolution
		HideSolutionNode = FALSE
	EndGlobalSection
	GlobalSection(ExtensibilityGlobals) = postSolution
		SolutionGuid = {5692BF08-52C2-4A45-9DA9-F6B390321257}
	EndGlobalSection
	GlobalSection(SharedMSBuildProjectFiles) = preSolution
		Ultraviolet.Core.Tests\Shared\Ultraviolet.Core.Tests.projitems*{073bb428-13a0-4812-baad-a18e7326cc52}*SharedItemsImports = 13
		UvDebug\Shared\UvDebug.projitems*{0a52123e-efa1-4a86-8223-fb7b807c162a}*SharedItemsImports = 5
		Ultraviolet.Tests.Content\Ultraviolet.Tests.Content.projitems*{0e2b1bc3-d1c3-4626-8aa3-37bf3039e43f}*SharedItemsImports = 13
		UvAssetList\UvAssetList.projitems*{11cdf456-a734-4df6-9c01-953df2765da0}*SharedItemsImports = 5
		Ultraviolet.Tests.Content\Ultraviolet.Tests.Content.projitems*{20815aac-d576-42c7-a9a3-9c8d6548690d}*SharedItemsImports = 5
		Ultraviolet.Tests\Ultraviolet.Tests.projitems*{20815aac-d576-42c7-a9a3-9c8d6548690d}*SharedItemsImports = 5
		Ultraviolet.Presentation\Ultraviolet.Presentation.projitems*{21e8873c-0b98-47da-9079-bf004b914897}*SharedItemsImports = 5
		Ultraviolet.Core.TestFramework\Shared\Ultraviolet.Core.TestFramework.projitems*{23021a75-f17b-401f-9465-87b45796baab}*SharedItemsImports = 5
		Ultraviolet.Windows.Forms\Ultraviolet.Windows.Forms.projitems*{2334a133-a37c-448a-912d-3dc38cb1bf91}*SharedItemsImports = 5
		Ultraviolet.SDL2\Ultraviolet.SDL2.projitems*{38681af5-9dd4-4a9a-aa74-42a5797f8fa7}*SharedItemsImports = 5
		UvDebug\Shared\UvDebug.projitems*{41b16059-bfe0-4704-8eee-44339b3834c5}*SharedItemsImports = 13
		Ultraviolet.OpenGL.Bindings\Ultraviolet.OpenGL.Bindings.projitems*{49666b6a-5a62-4f16-8b2d-e3b3fcbe20ff}*SharedItemsImports = 5
		Ultraviolet.Core\Shared\Ultraviolet.Core.projitems*{5084f479-1233-477c-87d8-9df47055dd80}*SharedItemsImports = 5
		Ultraviolet.Presentation.Uvss\Ultraviolet.Presentation.Uvss.projitems*{5327fa1b-0fd6-4415-a9af-c5f52a51bd07}*SharedItemsImports = 5
		Ultraviolet.Presentation.Tests\Ultraviolet.Presentation.Tests.projitems*{55fab4aa-5d3d-44df-b9f9-773102ab74f6}*SharedItemsImports = 5
		Ultraviolet.Tests.Content\Ultraviolet.Tests.Content.projitems*{55fab4aa-5d3d-44df-b9f9-773102ab74f6}*SharedItemsImports = 5
		Ultraviolet.FreeType2\Ultraviolet.FreeType2.projitems*{59e353ff-5c72-4de1-a8af-0d4f9c5e16ac}*SharedItemsImports = 5
		Ultraviolet.Presentation.Tests.ViewModels\Ultraviolet.Presentation.Tests.ViewModels.projitems*{5f6d4696-aac8-47cc-8b92-fc8417a2b35c}*SharedItemsImports = 5
		Ultraviolet\Shared\Ultraviolet.projitems*{60ecc362-96e4-4a54-b280-23cb5cdb6903}*SharedItemsImports = 5
		Ultraviolet.TestFramework\Ultraviolet.TestFramework.projitems*{619c6476-bba7-4817-839b-18092490429e}*SharedItemsImports = 5
		Ultraviolet.BASS\Shared\Ultraviolet.BASS.projitems*{62e8c883-b858-4fcc-82ec-c313fefbad34}*SharedItemsImports = 13
		Ultraviolet.TestApplication\Ultraviolet.TestApplication.projitems*{6306767c-23c4-49b4-87bf-d31f917cb358}*SharedItemsImports = 5
		Ultraviolet.FMOD\Ultraviolet.FMOD.projitems*{63f9f38a-a9e4-43fe-a690-20d5790faee4}*SharedItemsImports = 5
		Ultraviolet.BASS\Shared\Ultraviolet.BASS.projitems*{69adb61d-c5b5-4e5e-82d6-8afd9216d28e}*SharedItemsImports = 5
		UvArchive\UvArchive.projitems*{7339c3a3-c1f4-434e-9f2b-d7477706d397}*SharedItemsImports = 5
		Ultraviolet.Core\Shared\Ultraviolet.Core.projitems*{803b586b-cbac-4e46-a787-bdf837e1ef46}*SharedItemsImports = 13
		Ultraviolet.OpenGL\Ultraviolet.OpenGL.projitems*{8741baae-d281-4aca-9c8c-5198ffa0fbe1}*SharedItemsImports = 5
		Ultraviolet.ImGuiViewProvider\Ultraviolet.ImGuiViewProvider.projitems*{95a02bbe-01a1-4148-be7a-84bb087fc068}*SharedItemsImports = 5
		Ultraviolet\Shared\Ultraviolet.projitems*{979effae-5cdf-4ca8-90d0-e3dbf091de0a}*SharedItemsImports = 13
		Ultraviolet.Core.Tests\Shared\Ultraviolet.Core.Tests.projitems*{9dabd102-2757-46a8-957f-27efef0a67ff}*SharedItemsImports = 5
		Ultraviolet.Presentation.Compiler\Ultraviolet.Presentation.Compiler.projitems*{a012bff4-c3b3-4e13-b3f0-9367baf1f9d0}*SharedItemsImports = 5
		Ultraviolet.OpenGL.Environment\Ultraviolet.OpenGL.Environment.projitems*{a1d2e51a-bdf8-4aeb-9e4f-708d47fdd5f0}*SharedItemsImports = 5
		Ultraviolet.Core.TestFramework\Shared\Ultraviolet.Core.TestFramework.projitems*{c0ef7ba7-4f67-4063-84f7-8c04e4fcc632}*SharedItemsImports = 13
		Ultraviolet.ImGuiViewProvider.Bindings\Ultraviolet.ImGuiViewProvider.Bindings.projitems*{e0de5173-4548-425a-8e3a-a07e7ba2cf03}*SharedItemsImports = 5
		Ultraviolet.Tooling\Ultraviolet.Tooling.projitems*{e4e1c0a0-fb91-4bbe-b35c-21d13411a866}*SharedItemsImports = 5
		Ultraviolet.Presentation.Uvss.Tests\Ultraviolet.Presentation.Uvss.Tests.projitems*{e5c4b5a3-be45-49c3-968c-c37fbab5530e}*SharedItemsImports = 5
		UvFont\UvFont.projitems*{e6f0c39b-3120-4fb4-bce8-c373236f339e}*SharedItemsImports = 5
		Ultraviolet.Presentation.Uvss.TestFramework\Ultraviolet.Presentation.Uvss.TestFramework.projitems*{f4151d58-18d3-4ecf-9abe-53a1222d20d9}*SharedItemsImports = 5
	EndGlobalSection
	GlobalSection(Performance) = preSolution
		HasPerformanceSessions = true
	EndGlobalSection
	GlobalSection(MonoDevelopProperties) = preSolution
		Policies = $0
		$0.TextStylePolicy = $1
		$1.FileWidth = 120
		$1.EolMarker = Windows
		$1.inheritsSet = VisualStudio
		$1.inheritsScope = text/plain
		$1.scope = text/x-csharp
		$0.CSharpFormattingPolicy = $2
		$2.AnonymousMethodBraceStyle = NextLine
		$2.PropertyBraceStyle = NextLine
		$2.PropertyGetBraceStyle = NextLine
		$2.PropertySetBraceStyle = NextLine
		$2.EventBraceStyle = NextLine
		$2.EventAddBraceStyle = NextLine
		$2.EventRemoveBraceStyle = NextLine
		$2.StatementBraceStyle = NextLine
		$2.BeforeMethodDeclarationParentheses = False
		$2.BeforeMethodCallParentheses = False
		$2.BeforeConstructorDeclarationParentheses = False
		$2.BeforeIndexerDeclarationBracket = False
		$2.BeforeDelegateDeclarationParentheses = False
		$2.AfterDelegateDeclarationParameterComma = True
		$2.NewParentheses = False
		$2.SpacesBeforeBrackets = False
		$2.inheritsSet = Mono
		$2.inheritsScope = text/x-csharp
		$2.scope = text/x-csharp
		StartupItem = UvDebug\Desktop\UvDebug.Desktop.csproj
	EndGlobalSection
EndGlobal
